PODS:
  - Bagel (1.4.0):
    - CocoaAsyncSocket
  - CocoaAsyncSocket (7.6.5)

DEPENDENCIES:
  - Bagel (~> 1.4.0)

SPEC REPOS:
  trunk:
    - Bagel
    - CocoaAsyncSocket

SPEC CHECKSUMS:
  Bagel: c3fa6bcbd52db9ca976edbafd7638f0553ded101
  CocoaAsyncSocket: 065fd1e645c7abab64f7a6a2007a48038fdc6a99

PODFILE CHECKSUM: 4f6fd744d275ed4cd27d9e818956025f67f1bd8c

COCOAPODS: 1.11.3
