// !$*UTF8*$!
{
	archiveVersion = 1;
	classes = {
	};
	objectVersion = 56;
	objects = {

/* Begin PBXBuildFile section */
		F5AD9DA52933B2FB00E33AD6 /* TeamupApp.swift in Sources */ = {isa = PBXBuildFile; fileRef = F5AD9DA42933B2FB00E33AD6 /* TeamupApp.swift */; };
		F5AD9DA72933B2FB00E33AD6 /* ContentView.swift in Sources */ = {isa = PBXBuildFile; fileRef = F5AD9DA62933B2FB00E33AD6 /* ContentView.swift */; };
		F5AD9DA92933B2FD00E33AD6 /* Assets.xcassets in Resources */ = {isa = PBXBuildFile; fileRef = F5AD9DA82933B2FD00E33AD6 /* Assets.xcassets */; };
		F5AD9DAC2933B2FD00E33AD6 /* Preview Assets.xcassets in Resources */ = {isa = PBXBuildFile; fileRef = F5AD9DAB2933B2FD00E33AD6 /* Preview Assets.xcassets */; };
		F5AD9DB62933B2FE00E33AD6 /* teamup_iosappTests.swift in Sources */ = {isa = PBXBuildFile; fileRef = F5AD9DB52933B2FE00E33AD6 /* teamup_iosappTests.swift */; };
		F5AD9DC02933B2FE00E33AD6 /* teamup_iosappUITests.swift in Sources */ = {isa = PBXBuildFile; fileRef = F5AD9DBF2933B2FE00E33AD6 /* teamup_iosappUITests.swift */; };
		F5AD9DC22933B2FE00E33AD6 /* teamup_iosappUITestsLaunchTests.swift in Sources */ = {isa = PBXBuildFile; fileRef = F5AD9DC12933B2FE00E33AD6 /* teamup_iosappUITestsLaunchTests.swift */; };
/* End PBXBuildFile section */

/* Begin PBXContainerItemProxy section */
		F5AD9DB22933B2FE00E33AD6 /* PBXContainerItemProxy */ = {
			isa = PBXContainerItemProxy;
			containerPortal = F5AD9D992933B2FB00E33AD6 /* Project object */;
			proxyType = 1;
			remoteGlobalIDString = F5AD9DA02933B2FB00E33AD6;
			remoteInfo = teamup_iosapp;
		};
		F5AD9DBC2933B2FE00E33AD6 /* PBXContainerItemProxy */ = {
			isa = PBXContainerItemProxy;
			containerPortal = F5AD9D992933B2FB00E33AD6 /* Project object */;
			proxyType = 1;
			remoteGlobalIDString = F5AD9DA02933B2FB00E33AD6;
			remoteInfo = teamup_iosapp;
		};
/* End PBXContainerItemProxy section */

/* Begin PBXFileReference section */
		F5AD9DA12933B2FB00E33AD6 /* teamup_iosapp.app */ = {isa = PBXFileReference; explicitFileType = wrapper.application; includeInIndex = 0; path = teamup_iosapp.app; sourceTree = BUILT_PRODUCTS_DIR; };
		F5AD9DA42933B2FB00E33AD6 /* TeamupApp.swift */ = {isa = PBXFileReference; lastKnownFileType = sourcecode.swift; path = TeamupApp.swift; sourceTree = "<group>"; };
		F5AD9DA62933B2FB00E33AD6 /* ContentView.swift */ = {isa = PBXFileReference; lastKnownFileType = sourcecode.swift; path = ContentView.swift; sourceTree = "<group>"; };
		F5AD9DA82933B2FD00E33AD6 /* Assets.xcassets */ = {isa = PBXFileReference; lastKnownFileType = folder.assetcatalog; path = Assets.xcassets; sourceTree = "<group>"; };
		F5AD9DAB2933B2FD00E33AD6 /* Preview Assets.xcassets */ = {isa = PBXFileReference; lastKnownFileType = folder.assetcatalog; path = "Preview Assets.xcassets"; sourceTree = "<group>"; };
		F5AD9DB12933B2FE00E33AD6 /* teamup_iosappTests.xctest */ = {isa = PBXFileReference; explicitFileType = wrapper.cfbundle; includeInIndex = 0; path = teamup_iosappTests.xctest; sourceTree = BUILT_PRODUCTS_DIR; };
		F5AD9DB52933B2FE00E33AD6 /* teamup_iosappTests.swift */ = {isa = PBXFileReference; lastKnownFileType = sourcecode.swift; path = teamup_iosappTests.swift; sourceTree = "<group>"; };
		F5AD9DBB2933B2FE00E33AD6 /* teamup_iosappUITests.xctest */ = {isa = PBXFileReference; explicitFileType = wrapper.cfbundle; includeInIndex = 0; path = teamup_iosappUITests.xctest; sourceTree = BUILT_PRODUCTS_DIR; };
		F5AD9DBF2933B2FE00E33AD6 /* teamup_iosappUITests.swift */ = {isa = PBXFileReference; lastKnownFileType = sourcecode.swift; path = teamup_iosappUITests.swift; sourceTree = "<group>"; };
		F5AD9DC12933B2FE00E33AD6 /* teamup_iosappUITestsLaunchTests.swift */ = {isa = PBXFileReference; lastKnownFileType = sourcecode.swift; path = teamup_iosappUITestsLaunchTests.swift; sourceTree = "<group>"; };
/* End PBXFileReference section */

/* Begin PBXFrameworksBuildPhase section */
		F5AD9D9E2933B2FB00E33AD6 /* Frameworks */ = {
			isa = PBXFrameworksBuildPhase;
			buildActionMask = 2147483647;
			files = (
			);
			runOnlyForDeploymentPostprocessing = 0;
		};
		F5AD9DAE2933B2FE00E33AD6 /* Frameworks */ = {
			isa = PBXFrameworksBuildPhase;
			buildActionMask = 2147483647;
			files = (
			);
			runOnlyForDeploymentPostprocessing = 0;
		};
		F5AD9DB82933B2FE00E33AD6 /* Frameworks */ = {
			isa = PBXFrameworksBuildPhase;
			buildActionMask = 2147483647;
			files = (
			);
			runOnlyForDeploymentPostprocessing = 0;
		};
/* End PBXFrameworksBuildPhase section */

/* Begin PBXGroup section */
		F5AD9D982933B2FB00E33AD6 = {
			isa = PBXGroup;
			children = (
				F5AD9DA32933B2FB00E33AD6 /* teamup_iosapp */,
				F5AD9DB42933B2FE00E33AD6 /* teamup_iosappTests */,
				F5AD9DBE2933B2FE00E33AD6 /* teamup_iosappUITests */,
				F5AD9DA22933B2FB00E33AD6 /* Products */,
			);
			sourceTree = "<group>";
		};
		F5AD9DA22933B2FB00E33AD6 /* Products */ = {
			isa = PBXGroup;
			children = (
				F5AD9DA12933B2FB00E33AD6 /* teamup_iosapp.app */,
				F5AD9DB12933B2FE00E33AD6 /* teamup_iosappTests.xctest */,
				F5AD9DBB2933B2FE00E33AD6 /* teamup_iosappUITests.xctest */,
			);
			name = Products;
			sourceTree = "<group>";
		};
		F5AD9DA32933B2FB00E33AD6 /* teamup_iosapp */ = {
			isa = PBXGroup;
			children = (
				F5AD9DA42933B2FB00E33AD6 /* TeamupApp.swift */,
				F5AD9DA62933B2FB00E33AD6 /* ContentView.swift */,
				F5AD9DA82933B2FD00E33AD6 /* Assets.xcassets */,
				F5AD9DAA2933B2FD00E33AD6 /* Preview Content */,
			);
			path = teamup_iosapp;
			sourceTree = "<group>";
		};
		F5AD9DAA2933B2FD00E33AD6 /* Preview Content */ = {
			isa = PBXGroup;
			children = (
				F5AD9DAB2933B2FD00E33AD6 /* Preview Assets.xcassets */,
			);
			path = "Preview Content";
			sourceTree = "<group>";
		};
		F5AD9DB42933B2FE00E33AD6 /* teamup_iosappTests */ = {
			isa = PBXGroup;
			children = (
				F5AD9DB52933B2FE00E33AD6 /* teamup_iosappTests.swift */,
			);
			path = teamup_iosappTests;
			sourceTree = "<group>";
		};
		F5AD9DBE2933B2FE00E33AD6 /* teamup_iosappUITests */ = {
			isa = PBXGroup;
			children = (
				F5AD9DBF2933B2FE00E33AD6 /* teamup_iosappUITests.swift */,
				F5AD9DC12933B2FE00E33AD6 /* teamup_iosappUITestsLaunchTests.swift */,
			);
			path = teamup_iosappUITests;
			sourceTree = "<group>";
		};
/* End PBXGroup section */

/* Begin PBXNativeTarget section */
		F5AD9DA02933B2FB00E33AD6 /* teamup_iosapp */ = {
			isa = PBXNativeTarget;
			buildConfigurationList = F5AD9DC52933B2FE00E33AD6 /* Build configuration list for PBXNativeTarget "teamup_iosapp" */;
			buildPhases = (
				F5AD9DD02933B66B00E33AD6 /* ShellScript */,
				F5AD9D9D2933B2FB00E33AD6 /* Sources */,
				F5AD9D9E2933B2FB00E33AD6 /* Frameworks */,
				F5AD9D9F2933B2FB00E33AD6 /* Resources */,
			);
			buildRules = (
			);
			dependencies = (
			);
			name = teamup_iosapp;
			productName = teamup_iosapp;
			productReference = F5AD9DA12933B2FB00E33AD6 /* teamup_iosapp.app */;
			productType = "com.apple.product-type.application";
		};
		F5AD9DB02933B2FE00E33AD6 /* teamup_iosappTests */ = {
			isa = PBXNativeTarget;
			buildConfigurationList = F5AD9DC82933B2FE00E33AD6 /* Build configuration list for PBXNativeTarget "teamup_iosappTests" */;
			buildPhases = (
				F5AD9DAD2933B2FE00E33AD6 /* Sources */,
				F5AD9DAE2933B2FE00E33AD6 /* Frameworks */,
				F5AD9DAF2933B2FE00E33AD6 /* Resources */,
			);
			buildRules = (
			);
			dependencies = (
				F5AD9DB32933B2FE00E33AD6 /* PBXTargetDependency */,
			);
			name = teamup_iosappTests;
			productName = teamup_iosappTests;
			productReference = F5AD9DB12933B2FE00E33AD6 /* teamup_iosappTests.xctest */;
			productType = "com.apple.product-type.bundle.unit-test";
		};
		F5AD9DBA2933B2FE00E33AD6 /* teamup_iosappUITests */ = {
			isa = PBXNativeTarget;
			buildConfigurationList = F5AD9DCB2933B2FE00E33AD6 /* Build configuration list for PBXNativeTarget "teamup_iosappUITests" */;
			buildPhases = (
				F5AD9DB72933B2FE00E33AD6 /* Sources */,
				F5AD9DB82933B2FE00E33AD6 /* Frameworks */,
				F5AD9DB92933B2FE00E33AD6 /* Resources */,
			);
			buildRules = (
			);
			dependencies = (
				F5AD9DBD2933B2FE00E33AD6 /* PBXTargetDependency */,
			);
			name = teamup_iosappUITests;
			productName = teamup_iosappUITests;
			productReference = F5AD9DBB2933B2FE00E33AD6 /* teamup_iosappUITests.xctest */;
			productType = "com.apple.product-type.bundle.ui-testing";
		};
/* End PBXNativeTarget section */

/* Begin PBXProject section */
		F5AD9D992933B2FB00E33AD6 /* Project object */ = {
			isa = PBXProject;
			attributes = {
				BuildIndependentTargetsInParallel = 1;
				LastSwiftUpdateCheck = 1410;
				LastUpgradeCheck = 1410;
				TargetAttributes = {
					F5AD9DA02933B2FB00E33AD6 = {
						CreatedOnToolsVersion = 14.1;
					};
					F5AD9DB02933B2FE00E33AD6 = {
						CreatedOnToolsVersion = 14.1;
						TestTargetID = F5AD9DA02933B2FB00E33AD6;
					};
					F5AD9DBA2933B2FE00E33AD6 = {
						CreatedOnToolsVersion = 14.1;
						TestTargetID = F5AD9DA02933B2FB00E33AD6;
					};
				};
			};
			buildConfigurationList = F5AD9D9C2933B2FB00E33AD6 /* Build configuration list for PBXProject "teamup_iosapp" */;
			compatibilityVersion = "Xcode 14.0";
			developmentRegion = en;
			hasScannedForEncodings = 0;
			knownRegions = (
				en,
				Base,
			);
			mainGroup = F5AD9D982933B2FB00E33AD6;
			packageReferences = (
			);
			productRefGroup = F5AD9DA22933B2FB00E33AD6 /* Products */;
			projectDirPath = "";
			projectRoot = "";
			targets = (
				F5AD9DA02933B2FB00E33AD6 /* teamup_iosapp */,
				F5AD9DB02933B2FE00E33AD6 /* teamup_iosappTests */,
				F5AD9DBA2933B2FE00E33AD6 /* teamup_iosappUITests */,
			);
		};
/* End PBXProject section */

/* Begin PBXResourcesBuildPhase section */
		F5AD9D9F2933B2FB00E33AD6 /* Resources */ = {
			isa = PBXResourcesBuildPhase;
			buildActionMask = 2147483647;
			files = (
				F5AD9DAC2933B2FD00E33AD6 /* Preview Assets.xcassets in Resources */,
				F5AD9DA92933B2FD00E33AD6 /* Assets.xcassets in Resources */,
			);
			runOnlyForDeploymentPostprocessing = 0;
		};
		F5AD9DAF2933B2FE00E33AD6 /* Resources */ = {
			isa = PBXResourcesBuildPhase;
			buildActionMask = 2147483647;
			files = (
			);
			runOnlyForDeploymentPostprocessing = 0;
		};
		F5AD9DB92933B2FE00E33AD6 /* Resources */ = {
			isa = PBXResourcesBuildPhase;
			buildActionMask = 2147483647;
			files = (
			);
			runOnlyForDeploymentPostprocessing = 0;
		};
/* End PBXResourcesBuildPhase section */

/* Begin PBXShellScriptBuildPhase section */
		F5AD9DD02933B66B00E33AD6 /* ShellScript */ = {
			isa = PBXShellScriptBuildPhase;
			buildActionMask = 2147483647;
			files = (
			);
			inputFileListPaths = (
			);
			inputPaths = (
			);
			outputFileListPaths = (
			);
			outputPaths = (
			);
			runOnlyForDeploymentPostprocessing = 0;
			shellPath = /bin/sh;
			shellScript = "export PATH=\"$PATH:/opt/homebrew/bin\"\nif which swiftlint > /dev/null; then\n  swiftlint --fix && swiftlint\nelse\n  echo \"warning: SwiftLint not installed, download from https://github.com/realm/SwiftLint\"\nfi\n";
		};
/* End PBXShellScriptBuildPhase section */

/* Begin PBXSourcesBuildPhase section */
		F5AD9D9D2933B2FB00E33AD6 /* Sources */ = {
			isa = PBXSourcesBuildPhase;
			buildActionMask = 2147483647;
			files = (
				F5AD9DA72933B2FB00E33AD6 /* ContentView.swift in Sources */,
				F5AD9DA52933B2FB00E33AD6 /* TeamupApp.swift in Sources */,
			);
			runOnlyForDeploymentPostprocessing = 0;
		};
		F5AD9DAD2933B2FE00E33AD6 /* Sources */ = {
			isa = PBXSourcesBuildPhase;
			buildActionMask = 2147483647;
			files = (
				F5AD9DB62933B2FE00E33AD6 /* teamup_iosappTests.swift in Sources */,
			);
			runOnlyForDeploymentPostprocessing = 0;
		};
		F5AD9DB72933B2FE00E33AD6 /* Sources */ = {
			isa = PBXSourcesBuildPhase;
			buildActionMask = 2147483647;
			files = (
				F5AD9DC22933B2FE00E33AD6 /* teamup_iosappUITestsLaunchTests.swift in Sources */,
				F5AD9DC02933B2FE00E33AD6 /* teamup_iosappUITests.swift in Sources */,
			);
			runOnlyForDeploymentPostprocessing = 0;
		};
/* End PBXSourcesBuildPhase section */

/* Begin PBXTargetDependency section */
		F5AD9DB32933B2FE00E33AD6 /* PBXTargetDependency */ = {
			isa = PBXTargetDependency;
			target = F5AD9DA02933B2FB00E33AD6 /* teamup_iosapp */;
			targetProxy = F5AD9DB22933B2FE00E33AD6 /* PBXContainerItemProxy */;
		};
		F5AD9DBD2933B2FE00E33AD6 /* PBXTargetDependency */ = {
			isa = PBXTargetDependency;
			target = F5AD9DA02933B2FB00E33AD6 /* teamup_iosapp */;
			targetProxy = F5AD9DBC2933B2FE00E33AD6 /* PBXContainerItemProxy */;
		};
/* End PBXTargetDependency section */

/* Begin XCBuildConfiguration section */
		F5AD9DC32933B2FE00E33AD6 /* Debug */ = {
			isa = XCBuildConfiguration;
			buildSettings = {
				ALWAYS_SEARCH_USER_PATHS = NO;
				CLANG_ANALYZER_NONNULL = YES;
				CLANG_ANALYZER_NUMBER_OBJECT_CONVERSION = YES_AGGRESSIVE;
				CLANG_CXX_LANGUAGE_STANDARD = "gnu++20";
				CLANG_ENABLE_MODULES = YES;
				CLANG_ENABLE_OBJC_ARC = YES;
				CLANG_ENABLE_OBJC_WEAK = YES;
				CLANG_WARN_BLOCK_CAPTURE_AUTORELEASING = YES;
				CLANG_WARN_BOOL_CONVERSION = YES;
				CLANG_WARN_COMMA = YES;
				CLANG_WARN_CONSTANT_CONVERSION = YES;
				CLANG_WARN_DEPRECATED_OBJC_IMPLEMENTATIONS = YES;
				CLANG_WARN_DIRECT_OBJC_ISA_USAGE = YES_ERROR;
				CLANG_WARN_DOCUMENTATION_COMMENTS = YES;
				CLANG_WARN_EMPTY_BODY = YES;
				CLANG_WARN_ENUM_CONVERSION = YES;
				CLANG_WARN_INFINITE_RECURSION = YES;
				CLANG_WARN_INT_CONVERSION = YES;
				CLANG_WARN_NON_LITERAL_NULL_CONVERSION = YES;
				CLANG_WARN_OBJC_IMPLICIT_RETAIN_SELF = YES;
				CLANG_WARN_OBJC_LITERAL_CONVERSION = YES;
				CLANG_WARN_OBJC_ROOT_CLASS = YES_ERROR;
				CLANG_WARN_QUOTED_INCLUDE_IN_FRAMEWORK_HEADER = YES;
				CLANG_WARN_RANGE_LOOP_ANALYSIS = YES;
				CLANG_WARN_STRICT_PROTOTYPES = YES;
				CLANG_WARN_SUSPICIOUS_MOVE = YES;
				CLANG_WARN_UNGUARDED_AVAILABILITY = YES_AGGRESSIVE;
				CLANG_WARN_UNREACHABLE_CODE = YES;
				CLANG_WARN__DUPLICATE_METHOD_MATCH = YES;
				COPY_PHASE_STRIP = NO;
				DEBUG_INFORMATION_FORMAT = dwarf;
				ENABLE_STRICT_OBJC_MSGSEND = YES;
				ENABLE_TESTABILITY = YES;
				GCC_C_LANGUAGE_STANDARD = gnu11;
				GCC_DYNAMIC_NO_PIC = NO;
				GCC_NO_COMMON_BLOCKS = YES;
				GCC_OPTIMIZATION_LEVEL = 0;
				GCC_PREPROCESSOR_DEFINITIONS = (
					"DEBUG=1",
					"$(inherited)",
				);
				GCC_WARN_64_TO_32_BIT_CONVERSION = YES;
				GCC_WARN_ABOUT_RETURN_TYPE = YES_ERROR;
				GCC_WARN_UNDECLARED_SELECTOR = YES;
				GCC_WARN_UNINITIALIZED_AUTOS = YES_AGGRESSIVE;
				GCC_WARN_UNUSED_FUNCTION = YES;
				GCC_WARN_UNUSED_VARIABLE = YES;
				IPHONEOS_DEPLOYMENT_TARGET = 16.0;
				MTL_ENABLE_DEBUG_INFO = INCLUDE_SOURCE;
				MTL_FAST_MATH = YES;
				ONLY_ACTIVE_ARCH = YES;
				SDKROOT = iphoneos;
				SWIFT_ACTIVE_COMPILATION_CONDITIONS = DEBUG;
				SWIFT_OPTIMIZATION_LEVEL = "-Onone";
			};
			name = Debug;
		};
		F5AD9DC42933B2FE00E33AD6 /* Release */ = {
			isa = XCBuildConfiguration;
			buildSettings = {
				ALWAYS_SEARCH_USER_PATHS = NO;
				CLANG_ANALYZER_NONNULL = YES;
				CLANG_ANALYZER_NUMBER_OBJECT_CONVERSION = YES_AGGRESSIVE;
				CLANG_CXX_LANGUAGE_STANDARD = "gnu++20";
				CLANG_ENABLE_MODULES = YES;
				CLANG_ENABLE_OBJC_ARC = YES;
				CLANG_ENABLE_OBJC_WEAK = YES;
				CLANG_WARN_BLOCK_CAPTURE_AUTORELEASING = YES;
				CLANG_WARN_BOOL_CONVERSION = YES;
				CLANG_WARN_COMMA = YES;
				CLANG_WARN_CONSTANT_CONVERSION = YES;
				CLANG_WARN_DEPRECATED_OBJC_IMPLEMENTATIONS = YES;
				CLANG_WARN_DIRECT_OBJC_ISA_USAGE = YES_ERROR;
				CLANG_WARN_DOCUMENTATION_COMMENTS = YES;
				CLANG_WARN_EMPTY_BODY = YES;
				CLANG_WARN_ENUM_CONVERSION = YES;
				CLANG_WARN_INFINITE_RECURSION = YES;
				CLANG_WARN_INT_CONVERSION = YES;
				CLANG_WARN_NON_LITERAL_NULL_CONVERSION = YES;
				CLANG_WARN_OBJC_IMPLICIT_RETAIN_SELF = YES;
				CLANG_WARN_OBJC_LITERAL_CONVERSION = YES;
				CLANG_WARN_OBJC_ROOT_CLASS = YES_ERROR;
				CLANG_WARN_QUOTED_INCLUDE_IN_FRAMEWORK_HEADER = YES;
				CLANG_WARN_RANGE_LOOP_ANALYSIS = YES;
				CLANG_WARN_STRICT_PROTOTYPES = YES;
				CLANG_WARN_SUSPICIOUS_MOVE = YES;
				CLANG_WARN_UNGUARDED_AVAILABILITY = YES_AGGRESSIVE;
				CLANG_WARN_UNREACHABLE_CODE = YES;
				CLANG_WARN__DUPLICATE_METHOD_MATCH = YES;
				COPY_PHASE_STRIP = NO;
				DEBUG_INFORMATION_FORMAT = "dwarf-with-dsym";
				ENABLE_NS_ASSERTIONS = NO;
				ENABLE_STRICT_OBJC_MSGSEND = YES;
				GCC_C_LANGUAGE_STANDARD = gnu11;
				GCC_NO_COMMON_BLOCKS = YES;
				GCC_WARN_64_TO_32_BIT_CONVERSION = YES;
				GCC_WARN_ABOUT_RETURN_TYPE = YES_ERROR;
				GCC_WARN_UNDECLARED_SELECTOR = YES;
				GCC_WARN_UNINITIALIZED_AUTOS = YES_AGGRESSIVE;
				GCC_WARN_UNUSED_FUNCTION = YES;
				GCC_WARN_UNUSED_VARIABLE = YES;
				IPHONEOS_DEPLOYMENT_TARGET = 16.0;
				MTL_ENABLE_DEBUG_INFO = NO;
				MTL_FAST_MATH = YES;
				SDKROOT = iphoneos;
				SWIFT_COMPILATION_MODE = wholemodule;
				SWIFT_OPTIMIZATION_LEVEL = "-O";
				VALIDATE_PRODUCT = YES;
			};
			name = Release;
		};
		F5AD9DC62933B2FE00E33AD6 /* Debug */ = {
			isa = XCBuildConfiguration;
			buildSettings = {
				ASSETCATALOG_COMPILER_APPICON_NAME = AppIcon;
				ASSETCATALOG_COMPILER_GLOBAL_ACCENT_COLOR_NAME = AccentColor;
				CODE_SIGN_STYLE = Automatic;
				CURRENT_PROJECT_VERSION = 1;
				DEVELOPMENT_ASSET_PATHS = "\"teamup_iosapp/Preview Content\"";
				DEVELOPMENT_TEAM = C2A3XCXCZS;
				ENABLE_PREVIEWS = YES;
				GENERATE_INFOPLIST_FILE = YES;
				INFOPLIST_KEY_UIApplicationSceneManifest_Generation = YES;
				INFOPLIST_KEY_UIApplicationSupportsIndirectInputEvents = YES;
				INFOPLIST_KEY_UILaunchScreen_Generation = YES;
				INFOPLIST_KEY_UISupportedInterfaceOrientations = UIInterfaceOrientationPortrait;
				INFOPLIST_KEY_UISupportedInterfaceOrientations_iPad = "UIInterfaceOrientationLandscapeLeft UIInterfaceOrientationLandscapeRight UIInterfaceOrientationPortrait UIInterfaceOrientationPortraitUpsideDown";
				IPHONEOS_DEPLOYMENT_TARGET = 16.0;
				LD_RUNPATH_SEARCH_PATHS = (
					"$(inherited)",
					"@executable_path/Frameworks",
				);
				MARKETING_VERSION = 1.0;
				PRODUCT_BUNDLE_IDENTIFIER = "cn.net.ziqiang.teamup-iosapp";
				PRODUCT_NAME = "$(TARGET_NAME)";
				SUPPORTED_PLATFORMS = "iphoneos iphonesimulator";
				SUPPORTS_MACCATALYST = NO;
				SUPPORTS_MAC_DESIGNED_FOR_IPHONE_IPAD = YES;
				SWIFT_EMIT_LOC_STRINGS = YES;
				SWIFT_VERSION = 5.0;
				TARGETED_DEVICE_FAMILY = 1;
			};
			name = Debug;
		};
		F5AD9DC72933B2FE00E33AD6 /* Release */ = {
			isa = XCBuildConfiguration;
			buildSettings = {
				ASSETCATALOG_COMPILER_APPICON_NAME = AppIcon;
				ASSETCATALOG_COMPILER_GLOBAL_ACCENT_COLOR_NAME = AccentColor;
				CODE_SIGN_STYLE = Automatic;
				CURRENT_PROJECT_VERSION = 1;
				DEVELOPMENT_ASSET_PATHS = "\"teamup_iosapp/Preview Content\"";
				DEVELOPMENT_TEAM = C2A3XCXCZS;
				ENABLE_PREVIEWS = YES;
				GENERATE_INFOPLIST_FILE = YES;
				INFOPLIST_KEY_UIApplicationSceneManifest_Generation = YES;
				INFOPLIST_KEY_UIApplicationSupportsIndirectInputEvents = YES;
				INFOPLIST_KEY_UILaunchScreen_Generation = YES;
				INFOPLIST_KEY_UISupportedInterfaceOrientations = UIInterfaceOrientationPortrait;
				INFOPLIST_KEY_UISupportedInterfaceOrientations_iPad = "UIInterfaceOrientationLandscapeLeft UIInterfaceOrientationLandscapeRight UIInterfaceOrientationPortrait UIInterfaceOrientationPortraitUpsideDown";
				IPHONEOS_DEPLOYMENT_TARGET = 16.0;
				LD_RUNPATH_SEARCH_PATHS = (
					"$(inherited)",
					"@executable_path/Frameworks",
				);
				MARKETING_VERSION = 1.0;
				PRODUCT_BUNDLE_IDENTIFIER = "cn.net.ziqiang.teamup-iosapp";
				PRODUCT_NAME = "$(TARGET_NAME)";
				SUPPORTED_PLATFORMS = "iphoneos iphonesimulator";
				SUPPORTS_MACCATALYST = NO;
				SUPPORTS_MAC_DESIGNED_FOR_IPHONE_IPAD = YES;
				SWIFT_EMIT_LOC_STRINGS = YES;
				SWIFT_VERSION = 5.0;
				TARGETED_DEVICE_FAMILY = 1;
			};
			name = Release;
		};
		F5AD9DC92933B2FE00E33AD6 /* Debug */ = {
			isa = XCBuildConfiguration;
			buildSettings = {
				ALWAYS_EMBED_SWIFT_STANDARD_LIBRARIES = YES;
				BUNDLE_LOADER = "$(TEST_HOST)";
				CODE_SIGN_STYLE = Automatic;
				CURRENT_PROJECT_VERSION = 1;
				DEVELOPMENT_TEAM = C2A3XCXCZS;
				GENERATE_INFOPLIST_FILE = YES;
				IPHONEOS_DEPLOYMENT_TARGET = 16.1;
				MARKETING_VERSION = 1.0;
				PRODUCT_BUNDLE_IDENTIFIER = "cn.net.ziqiang.teamup-iosappTests";
				PRODUCT_NAME = "$(TARGET_NAME)";
				SWIFT_EMIT_LOC_STRINGS = NO;
				SWIFT_VERSION = 5.0;
				TARGETED_DEVICE_FAMILY = "1,2";
				TEST_HOST = "$(BUILT_PRODUCTS_DIR)/teamup_iosapp.app/$(BUNDLE_EXECUTABLE_FOLDER_PATH)/teamup_iosapp";
			};
			name = Debug;
		};
		F5AD9DCA2933B2FE00E33AD6 /* Release */ = {
			isa = XCBuildConfiguration;
			buildSettings = {
				ALWAYS_EMBED_SWIFT_STANDARD_LIBRARIES = YES;
				BUNDLE_LOADER = "$(TEST_HOST)";
				CODE_SIGN_STYLE = Automatic;
				CURRENT_PROJECT_VERSION = 1;
				DEVELOPMENT_TEAM = C2A3XCXCZS;
				GENERATE_INFOPLIST_FILE = YES;
				IPHONEOS_DEPLOYMENT_TARGET = 16.1;
				MARKETING_VERSION = 1.0;
				PRODUCT_BUNDLE_IDENTIFIER = "cn.net.ziqiang.teamup-iosappTests";
				PRODUCT_NAME = "$(TARGET_NAME)";
				SWIFT_EMIT_LOC_STRINGS = NO;
				SWIFT_VERSION = 5.0;
				TARGETED_DEVICE_FAMILY = "1,2";
				TEST_HOST = "$(BUILT_PRODUCTS_DIR)/teamup_iosapp.app/$(BUNDLE_EXECUTABLE_FOLDER_PATH)/teamup_iosapp";
			};
			name = Release;
		};
		F5AD9DCC2933B2FE00E33AD6 /* Debug */ = {
			isa = XCBuildConfiguration;
			buildSettings = {
				ALWAYS_EMBED_SWIFT_STANDARD_LIBRARIES = YES;
				CODE_SIGN_STYLE = Automatic;
				CURRENT_PROJECT_VERSION = 1;
				DEVELOPMENT_TEAM = C2A3XCXCZS;
				GENERATE_INFOPLIST_FILE = YES;
				MARKETING_VERSION = 1.0;
				PRODUCT_BUNDLE_IDENTIFIER = "cn.net.ziqiang.teamup-iosappUITests";
				PRODUCT_NAME = "$(TARGET_NAME)";
				SWIFT_EMIT_LOC_STRINGS = NO;
				SWIFT_VERSION = 5.0;
				TARGETED_DEVICE_FAMILY = "1,2";
				TEST_TARGET_NAME = teamup_iosapp;
			};
			name = Debug;
		};
		F5AD9DCD2933B2FE00E33AD6 /* Release */ = {
			isa = XCBuildConfiguration;
			buildSettings = {
				ALWAYS_EMBED_SWIFT_STANDARD_LIBRARIES = YES;
				CODE_SIGN_STYLE = Automatic;
				CURRENT_PROJECT_VERSION = 1;
				DEVELOPMENT_TEAM = C2A3XCXCZS;
				GENERATE_INFOPLIST_FILE = YES;
				MARKETING_VERSION = 1.0;
				PRODUCT_BUNDLE_IDENTIFIER = "cn.net.ziqiang.teamup-iosappUITests";
				PRODUCT_NAME = "$(TARGET_NAME)";
				SWIFT_EMIT_LOC_STRINGS = NO;
				SWIFT_VERSION = 5.0;
				TARGETED_DEVICE_FAMILY = "1,2";
				TEST_TARGET_NAME = teamup_iosapp;
			};
			name = Release;
		};
/* End XCBuildConfiguration section */

/* Begin XCConfigurationList section */
		F5AD9D9C2933B2FB00E33AD6 /* Build configuration list for PBXProject "teamup_iosapp" */ = {
			isa = XCConfigurationList;
			buildConfigurations = (
				F5AD9DC32933B2FE00E33AD6 /* Debug */,
				F5AD9DC42933B2FE00E33AD6 /* Release */,
			);
			defaultConfigurationIsVisible = 0;
			defaultConfigurationName = Release;
		};
		F5AD9DC52933B2FE00E33AD6 /* Build configuration list for PBXNativeTarget "teamup_iosapp" */ = {
			isa = XCConfigurationList;
			buildConfigurations = (
				F5AD9DC62933B2FE00E33AD6 /* Debug */,
				F5AD9DC72933B2FE00E33AD6 /* Release */,
			);
			defaultConfigurationIsVisible = 0;
			defaultConfigurationName = Release;
		};
		F5AD9DC82933B2FE00E33AD6 /* Build configuration list for PBXNativeTarget "teamup_iosappTests" */ = {
			isa = XCConfigurationList;
			buildConfigurations = (
				F5AD9DC92933B2FE00E33AD6 /* Debug */,
				F5AD9DCA2933B2FE00E33AD6 /* Release */,
			);
			defaultConfigurationIsVisible = 0;
			defaultConfigurationName = Release;
		};
		F5AD9DCB2933B2FE00E33AD6 /* Build configuration list for PBXNativeTarget "teamup_iosappUITests" */ = {
			isa = XCConfigurationList;
			buildConfigurations = (
				F5AD9DCC2933B2FE00E33AD6 /* Debug */,
				F5AD9DCD2933B2FE00E33AD6 /* Release */,
			);
			defaultConfigurationIsVisible = 0;
			defaultConfigurationName = Release;
		};
/* End XCConfigurationList section */
	};
	rootObject = F5AD9D992933B2FB00E33AD6 /* Project object */;
}
