// !$*UTF8*$!
{
	archiveVersion = 1;
	classes = {
	};
	objectVersion = 55;
	objects = {

/* Begin PBXBuildFile section */
		3D5909771F5E60CD6738993E /* Pods_teamup_iosapp_teamup_iosappUITests.framework in Frameworks */ = {isa = PBXBuildFile; fileRef = 08ECBE9825A2E9D683E5E6FD /* Pods_teamup_iosapp_teamup_iosappUITests.framework */; };
		916928F25C819C72745F4E64 /* Pods_teamup_iosappTests.framework in Frameworks */ = {isa = PBXBuildFile; fileRef = 47594137A6CAD589974C8883 /* Pods_teamup_iosappTests.framework */; };
		AD64C066602EC6888C51C6D5 /* TeamService.swift in Sources */ = {isa = PBXBuildFile; fileRef = AD64CBF5C62986067709740B /* TeamService.swift */; };
		AD64C0EC072AA5E6F1166A85 /* CompetitionService.swift in Sources */ = {isa = PBXBuildFile; fileRef = AD64C16034A88027CC99B54A /* CompetitionService.swift */; };
		AD64C7AC87B8777ABB6A7DE0 /* RoleService.swift in Sources */ = {isa = PBXBuildFile; fileRef = AD64CF7A65DE9B5D8B58B734 /* RoleService.swift */; };
		EB3E7C3CCB8D0FA9770C8867 /* Pods_teamup_iosapp.framework in Frameworks */ = {isa = PBXBuildFile; fileRef = 1E1E029C6B76AADA28DA6401 /* Pods_teamup_iosapp.framework */; };
		F50CF7AC2934C89300264013 /* MainView.swift in Sources */ = {isa = PBXBuildFile; fileRef = F50CF7AB2934C89300264013 /* MainView.swift */; };
		F50CF7AE2934C90500264013 /* HomeView.swift in Sources */ = {isa = PBXBuildFile; fileRef = F50CF7AD2934C90500264013 /* HomeView.swift */; };
		F50CF7B02934C91800264013 /* ChatListView.swift in Sources */ = {isa = PBXBuildFile; fileRef = F50CF7AF2934C91800264013 /* ChatListView.swift */; };
		F50CF7B22934C92200264013 /* MeView.swift in Sources */ = {isa = PBXBuildFile; fileRef = F50CF7B12934C92200264013 /* MeView.swift */; };
		F50CF7B42934EF2400264013 /* AppDelegate.swift in Sources */ = {isa = PBXBuildFile; fileRef = F50CF7B32934EF2400264013 /* AppDelegate.swift */; };
		F528B5272935C0EB00FC7C9C /* ProfileView.swift in Sources */ = {isa = PBXBuildFile; fileRef = F528B5262935C0EB00FC7C9C /* ProfileView.swift */; };
		F528B52A2935CF9C00FC7C9C /* Academy.swift in Sources */ = {isa = PBXBuildFile; fileRef = F528B5292935CF9C00FC7C9C /* Academy.swift */; };
		F59F5360293B4D43000A1BD5 /* VisualEffectView.swift in Sources */ = {isa = PBXBuildFile; fileRef = F59F535E293B4D43000A1BD5 /* VisualEffectView.swift */; };
		F59F5361293B4D43000A1BD5 /* PagedListViewModel.swift in Sources */ = {isa = PBXBuildFile; fileRef = F59F535F293B4D43000A1BD5 /* PagedListViewModel.swift */; };
		F5AD9DA52933B2FB00E33AD6 /* TeamupApp.swift in Sources */ = {isa = PBXBuildFile; fileRef = F5AD9DA42933B2FB00E33AD6 /* TeamupApp.swift */; };
		F5AD9DA92933B2FD00E33AD6 /* Assets.xcassets in Resources */ = {isa = PBXBuildFile; fileRef = F5AD9DA82933B2FD00E33AD6 /* Assets.xcassets */; };
		F5AD9DAC2933B2FD00E33AD6 /* Preview Assets.xcassets in Resources */ = {isa = PBXBuildFile; fileRef = F5AD9DAB2933B2FD00E33AD6 /* Preview Assets.xcassets */; };
		F5AD9DB62933B2FE00E33AD6 /* teamup_iosappTests.swift in Sources */ = {isa = PBXBuildFile; fileRef = F5AD9DB52933B2FE00E33AD6 /* teamup_iosappTests.swift */; };
		F5AD9DC02933B2FE00E33AD6 /* teamup_iosappUITests.swift in Sources */ = {isa = PBXBuildFile; fileRef = F5AD9DBF2933B2FE00E33AD6 /* teamup_iosappUITests.swift */; };
		F5AD9DC22933B2FE00E33AD6 /* teamup_iosappUITestsLaunchTests.swift in Sources */ = {isa = PBXBuildFile; fileRef = F5AD9DC12933B2FE00E33AD6 /* teamup_iosappUITestsLaunchTests.swift */; };
		F5AD9DD72933B7E100E33AD6 /* AuthService.swift in Sources */ = {isa = PBXBuildFile; fileRef = F5AD9DD12933B7E000E33AD6 /* AuthService.swift */; };
		F5AD9DD82933B7E100E33AD6 /* UserService.swift in Sources */ = {isa = PBXBuildFile; fileRef = F5AD9DD22933B7E000E33AD6 /* UserService.swift */; };
		F5AD9DD92933B7E100E33AD6 /* APIRequestDelegate.swift in Sources */ = {isa = PBXBuildFile; fileRef = F5AD9DD32933B7E000E33AD6 /* APIRequestDelegate.swift */; };
		F5AD9DDA2933B7E100E33AD6 /* APIRequestError.swift in Sources */ = {isa = PBXBuildFile; fileRef = F5AD9DD42933B7E000E33AD6 /* APIRequestError.swift */; };
		F5AD9DDB2933B7E100E33AD6 /* APIRequest.swift in Sources */ = {isa = PBXBuildFile; fileRef = F5AD9DD52933B7E000E33AD6 /* APIRequest.swift */; };
		F5AD9DDC2933B7E100E33AD6 /* APIModel.swift in Sources */ = {isa = PBXBuildFile; fileRef = F5AD9DD62933B7E100E33AD6 /* APIModel.swift */; };
		F5AD9DED2933B86500E33AD6 /* ViewExtensions.swift in Sources */ = {isa = PBXBuildFile; fileRef = F5AD9DE02933B86500E33AD6 /* ViewExtensions.swift */; };
		F5AD9DEE2933B86500E33AD6 /* Array.swift in Sources */ = {isa = PBXBuildFile; fileRef = F5AD9DE12933B86500E33AD6 /* Array.swift */; };
		F5AD9DEF2933B86500E33AD6 /* EnvironmentValueExtensions.swift in Sources */ = {isa = PBXBuildFile; fileRef = F5AD9DE22933B86500E33AD6 /* EnvironmentValueExtensions.swift */; };
		F5AD9DF02933B86500E33AD6 /* StringExtensions.swift in Sources */ = {isa = PBXBuildFile; fileRef = F5AD9DE32933B86500E33AD6 /* StringExtensions.swift */; };
		F5AD9DF12933B86500E33AD6 /* DateExtensions.swift in Sources */ = {isa = PBXBuildFile; fileRef = F5AD9DE42933B86500E33AD6 /* DateExtensions.swift */; };
		F5AD9DF22933B86500E33AD6 /* UIColorExtensions.swift in Sources */ = {isa = PBXBuildFile; fileRef = F5AD9DE52933B86500E33AD6 /* UIColorExtensions.swift */; };
		F5AD9DF32933B86500E33AD6 /* academies.json in Resources */ = {isa = PBXBuildFile; fileRef = F5AD9DE72933B86500E33AD6 /* academies.json */; };
		F5AD9DF42933B86500E33AD6 /* JsonLoader.swift in Sources */ = {isa = PBXBuildFile; fileRef = F5AD9DE92933B86500E33AD6 /* JsonLoader.swift */; };
		F5AD9DF52933B86500E33AD6 /* Validator.swift in Sources */ = {isa = PBXBuildFile; fileRef = F5AD9DEA2933B86500E33AD6 /* Validator.swift */; };
		F5AD9DF62933B86500E33AD6 /* Formatter.swift in Sources */ = {isa = PBXBuildFile; fileRef = F5AD9DEB2933B86500E33AD6 /* Formatter.swift */; };
		F5AD9DF92933B8A700E33AD6 /* User.swift in Sources */ = {isa = PBXBuildFile; fileRef = F5AD9DF82933B8A700E33AD6 /* User.swift */; };
		F5AD9DFE2933B91E00E33AD6 /* CachedAsyncImage in Frameworks */ = {isa = PBXBuildFile; productRef = F5AD9DFD2933B91E00E33AD6 /* CachedAsyncImage */; };
		F5AD9E012933B94300E33AD6 /* Alamofire in Frameworks */ = {isa = PBXBuildFile; productRef = F5AD9E002933B94300E33AD6 /* Alamofire */; };
		F5AD9E042933B95F00E33AD6 /* JWTDecode in Frameworks */ = {isa = PBXBuildFile; productRef = F5AD9E032933B95F00E33AD6 /* JWTDecode */; };
		F5AD9E072933B97D00E33AD6 /* SwiftUIFlow in Frameworks */ = {isa = PBXBuildFile; productRef = F5AD9E062933B97D00E33AD6 /* SwiftUIFlow */; };
		F5AD9E0A2933B9D800E33AD6 /* HandyJSON in Frameworks */ = {isa = PBXBuildFile; productRef = F5AD9E092933B9D800E33AD6 /* HandyJSON */; };
		F5AD9E142934708700E33AD6 /* Team.swift in Sources */ = {isa = PBXBuildFile; fileRef = F5AD9E0B2934708600E33AD6 /* Team.swift */; };
		F5AD9E152934708700E33AD6 /* Message.swift in Sources */ = {isa = PBXBuildFile; fileRef = F5AD9E0C2934708600E33AD6 /* Message.swift */; };
		F5AD9E162934708700E33AD6 /* Requirement.swift in Sources */ = {isa = PBXBuildFile; fileRef = F5AD9E0D2934708600E33AD6 /* Requirement.swift */; };
		F5AD9E172934708700E33AD6 /* TeamTag.swift in Sources */ = {isa = PBXBuildFile; fileRef = F5AD9E0E2934708600E33AD6 /* TeamTag.swift */; };
		F5AD9E182934708700E33AD6 /* Role.swift in Sources */ = {isa = PBXBuildFile; fileRef = F5AD9E0F2934708600E33AD6 /* Role.swift */; };
		F5AD9E192934708700E33AD6 /* TeamMember.swift in Sources */ = {isa = PBXBuildFile; fileRef = F5AD9E102934708600E33AD6 /* TeamMember.swift */; };
		F5AD9E1B2934708700E33AD6 /* Competition.swift in Sources */ = {isa = PBXBuildFile; fileRef = F5AD9E122934708700E33AD6 /* Competition.swift */; };
		F5AD9E1C2934708700E33AD6 /* Recruitment.swift in Sources */ = {isa = PBXBuildFile; fileRef = F5AD9E132934708700E33AD6 /* Recruitment.swift */; };
		F5B587DB2937B60B007ECC2E /* AuthServiceError.swift in Sources */ = {isa = PBXBuildFile; fileRef = F5B587DA2937B60B007ECC2E /* AuthServiceError.swift */; };
		F5B587DD2937B646007ECC2E /* UserServiceError.swift in Sources */ = {isa = PBXBuildFile; fileRef = F5B587DC2937B646007ECC2E /* UserServiceError.swift */; };
		F5B587E229384582007ECC2E /* TeamInfoView.swift in Sources */ = {isa = PBXBuildFile; fileRef = F5B587E129384582007ECC2E /* TeamInfoView.swift */; };
		F5B587E529384B31007ECC2E /* iPages in Frameworks */ = {isa = PBXBuildFile; productRef = F5B587E429384B31007ECC2E /* iPages */; };
		F5B587E729384EE0007ECC2E /* TabMenu.swift in Sources */ = {isa = PBXBuildFile; fileRef = F5B587E629384EE0007ECC2E /* TabMenu.swift */; };
/* End PBXBuildFile section */

/* Begin PBXContainerItemProxy section */
		F5AD9DB22933B2FE00E33AD6 /* PBXContainerItemProxy */ = {
			isa = PBXContainerItemProxy;
			containerPortal = F5AD9D992933B2FB00E33AD6 /* Project object */;
			proxyType = 1;
			remoteGlobalIDString = F5AD9DA02933B2FB00E33AD6;
			remoteInfo = teamup_iosapp;
		};
		F5AD9DBC2933B2FE00E33AD6 /* PBXContainerItemProxy */ = {
			isa = PBXContainerItemProxy;
			containerPortal = F5AD9D992933B2FB00E33AD6 /* Project object */;
			proxyType = 1;
			remoteGlobalIDString = F5AD9DA02933B2FB00E33AD6;
			remoteInfo = teamup_iosapp;
		};
/* End PBXContainerItemProxy section */

/* Begin PBXFileReference section */
		08ECBE9825A2E9D683E5E6FD /* Pods_teamup_iosapp_teamup_iosappUITests.framework */ = {isa = PBXFileReference; explicitFileType = wrapper.framework; includeInIndex = 0; path = Pods_teamup_iosapp_teamup_iosappUITests.framework; sourceTree = BUILT_PRODUCTS_DIR; };
		172F1189043190020364B131 /* Pods-teamup_iosappTests.release.xcconfig */ = {isa = PBXFileReference; includeInIndex = 1; lastKnownFileType = text.xcconfig; name = "Pods-teamup_iosappTests.release.xcconfig"; path = "Target Support Files/Pods-teamup_iosappTests/Pods-teamup_iosappTests.release.xcconfig"; sourceTree = "<group>"; };
		1E1E029C6B76AADA28DA6401 /* Pods_teamup_iosapp.framework */ = {isa = PBXFileReference; explicitFileType = wrapper.framework; includeInIndex = 0; path = Pods_teamup_iosapp.framework; sourceTree = BUILT_PRODUCTS_DIR; };
		3141F1C825F0A083C0A6051D /* Pods-teamup_iosapp-teamup_iosappUITests.debug.xcconfig */ = {isa = PBXFileReference; includeInIndex = 1; lastKnownFileType = text.xcconfig; name = "Pods-teamup_iosapp-teamup_iosappUITests.debug.xcconfig"; path = "Target Support Files/Pods-teamup_iosapp-teamup_iosappUITests/Pods-teamup_iosapp-teamup_iosappUITests.debug.xcconfig"; sourceTree = "<group>"; };
		3EF86DD038F5EC6684189FDB /* Pods-teamup_iosapp.debug.xcconfig */ = {isa = PBXFileReference; includeInIndex = 1; lastKnownFileType = text.xcconfig; name = "Pods-teamup_iosapp.debug.xcconfig"; path = "Target Support Files/Pods-teamup_iosapp/Pods-teamup_iosapp.debug.xcconfig"; sourceTree = "<group>"; };
		47594137A6CAD589974C8883 /* Pods_teamup_iosappTests.framework */ = {isa = PBXFileReference; explicitFileType = wrapper.framework; includeInIndex = 0; path = Pods_teamup_iosappTests.framework; sourceTree = BUILT_PRODUCTS_DIR; };
		AD64C16034A88027CC99B54A /* CompetitionService.swift */ = {isa = PBXFileReference; fileEncoding = 4; lastKnownFileType = sourcecode.swift; path = CompetitionService.swift; sourceTree = "<group>"; };
		AD64CBF5C62986067709740B /* TeamService.swift */ = {isa = PBXFileReference; fileEncoding = 4; lastKnownFileType = sourcecode.swift; path = TeamService.swift; sourceTree = "<group>"; };
		AD64CF7A65DE9B5D8B58B734 /* RoleService.swift */ = {isa = PBXFileReference; fileEncoding = 4; lastKnownFileType = sourcecode.swift; path = RoleService.swift; sourceTree = "<group>"; };
		BB72AD19BDBB996641ACED98 /* Pods-teamup_iosappTests.debug.xcconfig */ = {isa = PBXFileReference; includeInIndex = 1; lastKnownFileType = text.xcconfig; name = "Pods-teamup_iosappTests.debug.xcconfig"; path = "Target Support Files/Pods-teamup_iosappTests/Pods-teamup_iosappTests.debug.xcconfig"; sourceTree = "<group>"; };
		D9177679EE17CD6AEB1F23F9 /* Pods-teamup_iosapp.release.xcconfig */ = {isa = PBXFileReference; includeInIndex = 1; lastKnownFileType = text.xcconfig; name = "Pods-teamup_iosapp.release.xcconfig"; path = "Target Support Files/Pods-teamup_iosapp/Pods-teamup_iosapp.release.xcconfig"; sourceTree = "<group>"; };
		E3D25F120D03B55544E6BDE6 /* Pods-teamup_iosapp-teamup_iosappUITests.release.xcconfig */ = {isa = PBXFileReference; includeInIndex = 1; lastKnownFileType = text.xcconfig; name = "Pods-teamup_iosapp-teamup_iosappUITests.release.xcconfig"; path = "Target Support Files/Pods-teamup_iosapp-teamup_iosappUITests/Pods-teamup_iosapp-teamup_iosappUITests.release.xcconfig"; sourceTree = "<group>"; };
		F50CF7AB2934C89300264013 /* MainView.swift */ = {isa = PBXFileReference; lastKnownFileType = sourcecode.swift; path = MainView.swift; sourceTree = "<group>"; };
		F50CF7AD2934C90500264013 /* HomeView.swift */ = {isa = PBXFileReference; lastKnownFileType = sourcecode.swift; path = HomeView.swift; sourceTree = "<group>"; };
		F50CF7AF2934C91800264013 /* ChatListView.swift */ = {isa = PBXFileReference; lastKnownFileType = sourcecode.swift; path = ChatListView.swift; sourceTree = "<group>"; };
		F50CF7B12934C92200264013 /* MeView.swift */ = {isa = PBXFileReference; lastKnownFileType = sourcecode.swift; path = MeView.swift; sourceTree = "<group>"; };
		F50CF7B32934EF2400264013 /* AppDelegate.swift */ = {isa = PBXFileReference; lastKnownFileType = sourcecode.swift; path = AppDelegate.swift; sourceTree = "<group>"; };
		F528B5262935C0EB00FC7C9C /* ProfileView.swift */ = {isa = PBXFileReference; lastKnownFileType = sourcecode.swift; path = ProfileView.swift; sourceTree = "<group>"; };
		F528B5292935CF9C00FC7C9C /* Academy.swift */ = {isa = PBXFileReference; fileEncoding = 4; lastKnownFileType = sourcecode.swift; path = Academy.swift; sourceTree = "<group>"; };
		F59F535E293B4D43000A1BD5 /* VisualEffectView.swift */ = {isa = PBXFileReference; fileEncoding = 4; lastKnownFileType = sourcecode.swift; path = VisualEffectView.swift; sourceTree = "<group>"; };
		F59F535F293B4D43000A1BD5 /* PagedListViewModel.swift */ = {isa = PBXFileReference; fileEncoding = 4; lastKnownFileType = sourcecode.swift; path = PagedListViewModel.swift; sourceTree = "<group>"; };
		F5AD9DA12933B2FB00E33AD6 /* teamup_iosapp.app */ = {isa = PBXFileReference; explicitFileType = wrapper.application; includeInIndex = 0; path = teamup_iosapp.app; sourceTree = BUILT_PRODUCTS_DIR; };
		F5AD9DA42933B2FB00E33AD6 /* TeamupApp.swift */ = {isa = PBXFileReference; lastKnownFileType = sourcecode.swift; path = TeamupApp.swift; sourceTree = "<group>"; };
		F5AD9DA82933B2FD00E33AD6 /* Assets.xcassets */ = {isa = PBXFileReference; lastKnownFileType = folder.assetcatalog; path = Assets.xcassets; sourceTree = "<group>"; };
		F5AD9DAB2933B2FD00E33AD6 /* Preview Assets.xcassets */ = {isa = PBXFileReference; lastKnownFileType = folder.assetcatalog; path = "Preview Assets.xcassets"; sourceTree = "<group>"; };
		F5AD9DB12933B2FE00E33AD6 /* teamup_iosappTests.xctest */ = {isa = PBXFileReference; explicitFileType = wrapper.cfbundle; includeInIndex = 0; path = teamup_iosappTests.xctest; sourceTree = BUILT_PRODUCTS_DIR; };
		F5AD9DB52933B2FE00E33AD6 /* teamup_iosappTests.swift */ = {isa = PBXFileReference; lastKnownFileType = sourcecode.swift; path = teamup_iosappTests.swift; sourceTree = "<group>"; };
		F5AD9DBB2933B2FE00E33AD6 /* teamup_iosappUITests.xctest */ = {isa = PBXFileReference; explicitFileType = wrapper.cfbundle; includeInIndex = 0; path = teamup_iosappUITests.xctest; sourceTree = BUILT_PRODUCTS_DIR; };
		F5AD9DBF2933B2FE00E33AD6 /* teamup_iosappUITests.swift */ = {isa = PBXFileReference; lastKnownFileType = sourcecode.swift; path = teamup_iosappUITests.swift; sourceTree = "<group>"; };
		F5AD9DC12933B2FE00E33AD6 /* teamup_iosappUITestsLaunchTests.swift */ = {isa = PBXFileReference; lastKnownFileType = sourcecode.swift; path = teamup_iosappUITestsLaunchTests.swift; sourceTree = "<group>"; };
		F5AD9DD12933B7E000E33AD6 /* AuthService.swift */ = {isa = PBXFileReference; fileEncoding = 4; lastKnownFileType = sourcecode.swift; path = AuthService.swift; sourceTree = "<group>"; };
		F5AD9DD22933B7E000E33AD6 /* UserService.swift */ = {isa = PBXFileReference; fileEncoding = 4; lastKnownFileType = sourcecode.swift; path = UserService.swift; sourceTree = "<group>"; };
		F5AD9DD32933B7E000E33AD6 /* APIRequestDelegate.swift */ = {isa = PBXFileReference; fileEncoding = 4; lastKnownFileType = sourcecode.swift; path = APIRequestDelegate.swift; sourceTree = "<group>"; };
		F5AD9DD42933B7E000E33AD6 /* APIRequestError.swift */ = {isa = PBXFileReference; fileEncoding = 4; lastKnownFileType = sourcecode.swift; path = APIRequestError.swift; sourceTree = "<group>"; };
		F5AD9DD52933B7E000E33AD6 /* APIRequest.swift */ = {isa = PBXFileReference; fileEncoding = 4; lastKnownFileType = sourcecode.swift; path = APIRequest.swift; sourceTree = "<group>"; };
		F5AD9DD62933B7E100E33AD6 /* APIModel.swift */ = {isa = PBXFileReference; fileEncoding = 4; lastKnownFileType = sourcecode.swift; path = APIModel.swift; sourceTree = "<group>"; };
		F5AD9DE02933B86500E33AD6 /* ViewExtensions.swift */ = {isa = PBXFileReference; fileEncoding = 4; lastKnownFileType = sourcecode.swift; path = ViewExtensions.swift; sourceTree = "<group>"; };
		F5AD9DE12933B86500E33AD6 /* Array.swift */ = {isa = PBXFileReference; fileEncoding = 4; lastKnownFileType = sourcecode.swift; path = Array.swift; sourceTree = "<group>"; };
		F5AD9DE22933B86500E33AD6 /* EnvironmentValueExtensions.swift */ = {isa = PBXFileReference; fileEncoding = 4; lastKnownFileType = sourcecode.swift; path = EnvironmentValueExtensions.swift; sourceTree = "<group>"; };
		F5AD9DE32933B86500E33AD6 /* StringExtensions.swift */ = {isa = PBXFileReference; fileEncoding = 4; lastKnownFileType = sourcecode.swift; path = StringExtensions.swift; sourceTree = "<group>"; };
		F5AD9DE42933B86500E33AD6 /* DateExtensions.swift */ = {isa = PBXFileReference; fileEncoding = 4; lastKnownFileType = sourcecode.swift; path = DateExtensions.swift; sourceTree = "<group>"; };
		F5AD9DE52933B86500E33AD6 /* UIColorExtensions.swift */ = {isa = PBXFileReference; fileEncoding = 4; lastKnownFileType = sourcecode.swift; path = UIColorExtensions.swift; sourceTree = "<group>"; };
		F5AD9DE72933B86500E33AD6 /* academies.json */ = {isa = PBXFileReference; fileEncoding = 4; lastKnownFileType = text.json; path = academies.json; sourceTree = "<group>"; };
		F5AD9DE92933B86500E33AD6 /* JsonLoader.swift */ = {isa = PBXFileReference; fileEncoding = 4; lastKnownFileType = sourcecode.swift; path = JsonLoader.swift; sourceTree = "<group>"; };
		F5AD9DEA2933B86500E33AD6 /* Validator.swift */ = {isa = PBXFileReference; fileEncoding = 4; lastKnownFileType = sourcecode.swift; path = Validator.swift; sourceTree = "<group>"; };
		F5AD9DEB2933B86500E33AD6 /* Formatter.swift */ = {isa = PBXFileReference; fileEncoding = 4; lastKnownFileType = sourcecode.swift; path = Formatter.swift; sourceTree = "<group>"; };
		F5AD9DF82933B8A700E33AD6 /* User.swift */ = {isa = PBXFileReference; fileEncoding = 4; lastKnownFileType = sourcecode.swift; path = User.swift; sourceTree = "<group>"; };
		F5AD9E0B2934708600E33AD6 /* Team.swift */ = {isa = PBXFileReference; fileEncoding = 4; lastKnownFileType = sourcecode.swift; path = Team.swift; sourceTree = "<group>"; };
		F5AD9E0C2934708600E33AD6 /* Message.swift */ = {isa = PBXFileReference; fileEncoding = 4; lastKnownFileType = sourcecode.swift; path = Message.swift; sourceTree = "<group>"; };
		F5AD9E0D2934708600E33AD6 /* Requirement.swift */ = {isa = PBXFileReference; fileEncoding = 4; lastKnownFileType = sourcecode.swift; path = Requirement.swift; sourceTree = "<group>"; };
		F5AD9E0E2934708600E33AD6 /* TeamTag.swift */ = {isa = PBXFileReference; fileEncoding = 4; lastKnownFileType = sourcecode.swift; path = TeamTag.swift; sourceTree = "<group>"; };
		F5AD9E0F2934708600E33AD6 /* Role.swift */ = {isa = PBXFileReference; fileEncoding = 4; lastKnownFileType = sourcecode.swift; path = Role.swift; sourceTree = "<group>"; };
		F5AD9E102934708600E33AD6 /* TeamMember.swift */ = {isa = PBXFileReference; fileEncoding = 4; lastKnownFileType = sourcecode.swift; path = TeamMember.swift; sourceTree = "<group>"; };
		F5AD9E122934708700E33AD6 /* Competition.swift */ = {isa = PBXFileReference; fileEncoding = 4; lastKnownFileType = sourcecode.swift; path = Competition.swift; sourceTree = "<group>"; };
		F5AD9E132934708700E33AD6 /* Recruitment.swift */ = {isa = PBXFileReference; fileEncoding = 4; lastKnownFileType = sourcecode.swift; path = Recruitment.swift; sourceTree = "<group>"; };
		F5B587DA2937B60B007ECC2E /* AuthServiceError.swift */ = {isa = PBXFileReference; lastKnownFileType = sourcecode.swift; path = AuthServiceError.swift; sourceTree = "<group>"; };
		F5B587DC2937B646007ECC2E /* UserServiceError.swift */ = {isa = PBXFileReference; lastKnownFileType = sourcecode.swift; path = UserServiceError.swift; sourceTree = "<group>"; };
		F5B587E129384582007ECC2E /* TeamInfoView.swift */ = {isa = PBXFileReference; lastKnownFileType = sourcecode.swift; path = TeamInfoView.swift; sourceTree = "<group>"; };
		F5B587E629384EE0007ECC2E /* TabMenu.swift */ = {isa = PBXFileReference; lastKnownFileType = sourcecode.swift; path = TabMenu.swift; sourceTree = "<group>"; };
/* End PBXFileReference section */

/* Begin PBXFrameworksBuildPhase section */
		F5AD9D9E2933B2FB00E33AD6 /* Frameworks */ = {
			isa = PBXFrameworksBuildPhase;
			buildActionMask = 2147483647;
			files = (
				F5AD9DFE2933B91E00E33AD6 /* CachedAsyncImage in Frameworks */,
				F5B587E529384B31007ECC2E /* iPages in Frameworks */,
				F5AD9E012933B94300E33AD6 /* Alamofire in Frameworks */,
				F5AD9E072933B97D00E33AD6 /* SwiftUIFlow in Frameworks */,
				F5AD9E0A2933B9D800E33AD6 /* HandyJSON in Frameworks */,
				F5AD9E042933B95F00E33AD6 /* JWTDecode in Frameworks */,
				EB3E7C3CCB8D0FA9770C8867 /* Pods_teamup_iosapp.framework in Frameworks */,
			);
			runOnlyForDeploymentPostprocessing = 0;
		};
		F5AD9DAE2933B2FE00E33AD6 /* Frameworks */ = {
			isa = PBXFrameworksBuildPhase;
			buildActionMask = 2147483647;
			files = (
				916928F25C819C72745F4E64 /* Pods_teamup_iosappTests.framework in Frameworks */,
			);
			runOnlyForDeploymentPostprocessing = 0;
		};
		F5AD9DB82933B2FE00E33AD6 /* Frameworks */ = {
			isa = PBXFrameworksBuildPhase;
			buildActionMask = 2147483647;
			files = (
				3D5909771F5E60CD6738993E /* Pods_teamup_iosapp_teamup_iosappUITests.framework in Frameworks */,
			);
			runOnlyForDeploymentPostprocessing = 0;
		};
/* End PBXFrameworksBuildPhase section */

/* Begin PBXGroup section */
		EDD1453DBC1CB8E095D25F60 /* Frameworks */ = {
			isa = PBXGroup;
			children = (
				1E1E029C6B76AADA28DA6401 /* Pods_teamup_iosapp.framework */,
				08ECBE9825A2E9D683E5E6FD /* Pods_teamup_iosapp_teamup_iosappUITests.framework */,
				47594137A6CAD589974C8883 /* Pods_teamup_iosappTests.framework */,
			);
			name = Frameworks;
			sourceTree = "<group>";
		};
		F528B5282935C0F100FC7C9C /* Me */ = {
			isa = PBXGroup;
			children = (
				F50CF7B12934C92200264013 /* MeView.swift */,
				F528B5262935C0EB00FC7C9C /* ProfileView.swift */,
			);
			path = Me;
			sourceTree = "<group>";
		};
		F59F535D293B4CFB000A1BD5 /* ViewModel */ = {
			isa = PBXGroup;
			children = (
				F59F535F293B4D43000A1BD5 /* PagedListViewModel.swift */,
			);
			path = ViewModel;
			sourceTree = "<group>";
		};
		F5AD9D982933B2FB00E33AD6 = {
			isa = PBXGroup;
			children = (
				F5AD9DA32933B2FB00E33AD6 /* teamup_iosapp */,
				F5AD9DB42933B2FE00E33AD6 /* teamup_iosappTests */,
				F5AD9DBE2933B2FE00E33AD6 /* teamup_iosappUITests */,
				F5AD9DA22933B2FB00E33AD6 /* Products */,
				FE1E1D60815FC772F803E8E9 /* Pods */,
				EDD1453DBC1CB8E095D25F60 /* Frameworks */,
			);
			sourceTree = "<group>";
		};
		F5AD9DA22933B2FB00E33AD6 /* Products */ = {
			isa = PBXGroup;
			children = (
				F5AD9DA12933B2FB00E33AD6 /* teamup_iosapp.app */,
				F5AD9DB12933B2FE00E33AD6 /* teamup_iosappTests.xctest */,
				F5AD9DBB2933B2FE00E33AD6 /* teamup_iosappUITests.xctest */,
			);
			name = Products;
			sourceTree = "<group>";
		};
		F5AD9DA32933B2FB00E33AD6 /* teamup_iosapp */ = {
			isa = PBXGroup;
			children = (
				F5AD9DAA2933B2FD00E33AD6 /* Preview Content */,
				F5AD9DE62933B86500E33AD6 /* StaticData */,
				F5AD9DDF2933B86500E33AD6 /* Extension */,
				F5AD9DE82933B86500E33AD6 /* Util */,
				F5AD9DDD2933B7E900E33AD6 /* Networking */,
				F5AD9DFA2933B8AC00E33AD6 /* Entity */,
				F5AD9DDE2933B7FC00E33AD6 /* Service */,
				F5B587D92937B5CE007ECC2E /* Exception */,
				F59F535D293B4CFB000A1BD5 /* ViewModel */,
				F5AD9DFB2933B8E700E33AD6 /* UI */,
				F5AD9DA82933B2FD00E33AD6 /* Assets.xcassets */,
				F5AD9DA42933B2FB00E33AD6 /* TeamupApp.swift */,
				F50CF7B32934EF2400264013 /* AppDelegate.swift */,
			);
			path = teamup_iosapp;
			sourceTree = "<group>";
		};
		F5AD9DAA2933B2FD00E33AD6 /* Preview Content */ = {
			isa = PBXGroup;
			children = (
				F5AD9DAB2933B2FD00E33AD6 /* Preview Assets.xcassets */,
			);
			path = "Preview Content";
			sourceTree = "<group>";
		};
		F5AD9DB42933B2FE00E33AD6 /* teamup_iosappTests */ = {
			isa = PBXGroup;
			children = (
				F5AD9DB52933B2FE00E33AD6 /* teamup_iosappTests.swift */,
			);
			path = teamup_iosappTests;
			sourceTree = "<group>";
		};
		F5AD9DBE2933B2FE00E33AD6 /* teamup_iosappUITests */ = {
			isa = PBXGroup;
			children = (
				F5AD9DBF2933B2FE00E33AD6 /* teamup_iosappUITests.swift */,
				F5AD9DC12933B2FE00E33AD6 /* teamup_iosappUITestsLaunchTests.swift */,
			);
			path = teamup_iosappUITests;
			sourceTree = "<group>";
		};
		F5AD9DDD2933B7E900E33AD6 /* Networking */ = {
			isa = PBXGroup;
			children = (
				F5AD9DD62933B7E100E33AD6 /* APIModel.swift */,
				F5AD9DD52933B7E000E33AD6 /* APIRequest.swift */,
				F5AD9DD32933B7E000E33AD6 /* APIRequestDelegate.swift */,
			);
			path = Networking;
			sourceTree = "<group>";
		};
		F5AD9DDE2933B7FC00E33AD6 /* Service */ = {
			isa = PBXGroup;
			children = (
				F5AD9DD12933B7E000E33AD6 /* AuthService.swift */,
				AD64C16034A88027CC99B54A /* CompetitionService.swift */,
				AD64CF7A65DE9B5D8B58B734 /* RoleService.swift */,
				AD64CBF5C62986067709740B /* TeamService.swift */,
				F5AD9DD22933B7E000E33AD6 /* UserService.swift */,
			);
			path = Service;
			sourceTree = "<group>";
		};
		F5AD9DDF2933B86500E33AD6 /* Extension */ = {
			isa = PBXGroup;
			children = (
				F5AD9DE02933B86500E33AD6 /* ViewExtensions.swift */,
				F5AD9DE12933B86500E33AD6 /* Array.swift */,
				F5AD9DE22933B86500E33AD6 /* EnvironmentValueExtensions.swift */,
				F5AD9DE32933B86500E33AD6 /* StringExtensions.swift */,
				F5AD9DE42933B86500E33AD6 /* DateExtensions.swift */,
				F5AD9DE52933B86500E33AD6 /* UIColorExtensions.swift */,
			);
			path = Extension;
			sourceTree = "<group>";
		};
		F5AD9DE62933B86500E33AD6 /* StaticData */ = {
			isa = PBXGroup;
			children = (
				F5AD9DE72933B86500E33AD6 /* academies.json */,
			);
			path = StaticData;
			sourceTree = "<group>";
		};
		F5AD9DE82933B86500E33AD6 /* Util */ = {
			isa = PBXGroup;
			children = (
				F5AD9DE92933B86500E33AD6 /* JsonLoader.swift */,
				F5AD9DEA2933B86500E33AD6 /* Validator.swift */,
				F5AD9DEB2933B86500E33AD6 /* Formatter.swift */,
			);
			path = Util;
			sourceTree = "<group>";
		};
		F5AD9DFA2933B8AC00E33AD6 /* Entity */ = {
			isa = PBXGroup;
			children = (
				F528B5292935CF9C00FC7C9C /* Academy.swift */,
				F5AD9E122934708700E33AD6 /* Competition.swift */,
				F5AD9E0C2934708600E33AD6 /* Message.swift */,
				F5AD9E132934708700E33AD6 /* Recruitment.swift */,
				F5AD9E0D2934708600E33AD6 /* Requirement.swift */,
				F5AD9E0F2934708600E33AD6 /* Role.swift */,
				F5AD9E0B2934708600E33AD6 /* Team.swift */,
				F5AD9E102934708600E33AD6 /* TeamMember.swift */,
				F5AD9E0E2934708600E33AD6 /* TeamTag.swift */,
				F5AD9DF82933B8A700E33AD6 /* User.swift */,
			);
			path = Entity;
			sourceTree = "<group>";
		};
		F5AD9DFB2933B8E700E33AD6 /* UI */ = {
			isa = PBXGroup;
			children = (
				F5B587E0293844E6007ECC2E /* Component */,
				F5B587DF293844DB007ECC2E /* View */,
			);
			path = UI;
			sourceTree = "<group>";
		};
		F5B587D92937B5CE007ECC2E /* Exception */ = {
			isa = PBXGroup;
			children = (
				F5AD9DD42933B7E000E33AD6 /* APIRequestError.swift */,
				F5B587DA2937B60B007ECC2E /* AuthServiceError.swift */,
				F5B587DC2937B646007ECC2E /* UserServiceError.swift */,
			);
			path = Exception;
			sourceTree = "<group>";
		};
		F5B587DF293844DB007ECC2E /* View */ = {
			isa = PBXGroup;
			children = (
				F50CF7AF2934C91800264013 /* ChatListView.swift */,
				F50CF7AD2934C90500264013 /* HomeView.swift */,
				F50CF7AB2934C89300264013 /* MainView.swift */,
				F528B5282935C0F100FC7C9C /* Me */,
			);
			path = View;
			sourceTree = "<group>";
		};
		F5B587E0293844E6007ECC2E /* Component */ = {
			isa = PBXGroup;
			children = (
				F59F535E293B4D43000A1BD5 /* VisualEffectView.swift */,
				F5B587E129384582007ECC2E /* TeamInfoView.swift */,
				F5B587E629384EE0007ECC2E /* TabMenu.swift */,
			);
			path = Component;
			sourceTree = "<group>";
		};
		FE1E1D60815FC772F803E8E9 /* Pods */ = {
			isa = PBXGroup;
			children = (
				3EF86DD038F5EC6684189FDB /* Pods-teamup_iosapp.debug.xcconfig */,
				D9177679EE17CD6AEB1F23F9 /* Pods-teamup_iosapp.release.xcconfig */,
				3141F1C825F0A083C0A6051D /* Pods-teamup_iosapp-teamup_iosappUITests.debug.xcconfig */,
				E3D25F120D03B55544E6BDE6 /* Pods-teamup_iosapp-teamup_iosappUITests.release.xcconfig */,
				BB72AD19BDBB996641ACED98 /* Pods-teamup_iosappTests.debug.xcconfig */,
				172F1189043190020364B131 /* Pods-teamup_iosappTests.release.xcconfig */,
			);
			path = Pods;
			sourceTree = "<group>";
		};
/* End PBXGroup section */

/* Begin PBXNativeTarget section */
		F5AD9DA02933B2FB00E33AD6 /* teamup_iosapp */ = {
			isa = PBXNativeTarget;
			buildConfigurationList = F5AD9DC52933B2FE00E33AD6 /* Build configuration list for PBXNativeTarget "teamup_iosapp" */;
			buildPhases = (
				19341F67C5011405A7E69964 /* [CP] Check Pods Manifest.lock */,
				F5AD9DD02933B66B00E33AD6 /* ShellScript */,
				F5AD9D9D2933B2FB00E33AD6 /* Sources */,
				F5AD9D9E2933B2FB00E33AD6 /* Frameworks */,
				F5AD9D9F2933B2FB00E33AD6 /* Resources */,
				4E5FF8304BB0974AAA539F23 /* [CP] Embed Pods Frameworks */,
			);
			buildRules = (
			);
			dependencies = (
			);
			name = teamup_iosapp;
			packageProductDependencies = (
				F5AD9DFD2933B91E00E33AD6 /* CachedAsyncImage */,
				F5AD9E002933B94300E33AD6 /* Alamofire */,
				F5AD9E032933B95F00E33AD6 /* JWTDecode */,
				F5AD9E062933B97D00E33AD6 /* SwiftUIFlow */,
				F5AD9E092933B9D800E33AD6 /* HandyJSON */,
				F5B587E429384B31007ECC2E /* iPages */,
			);
			productName = teamup_iosapp;
			productReference = F5AD9DA12933B2FB00E33AD6 /* teamup_iosapp.app */;
			productType = "com.apple.product-type.application";
		};
		F5AD9DB02933B2FE00E33AD6 /* teamup_iosappTests */ = {
			isa = PBXNativeTarget;
			buildConfigurationList = F5AD9DC82933B2FE00E33AD6 /* Build configuration list for PBXNativeTarget "teamup_iosappTests" */;
			buildPhases = (
				AD8E68CA93CBC9389E341DB1 /* [CP] Check Pods Manifest.lock */,
				F5AD9DAD2933B2FE00E33AD6 /* Sources */,
				F5AD9DAE2933B2FE00E33AD6 /* Frameworks */,
				F5AD9DAF2933B2FE00E33AD6 /* Resources */,
			);
			buildRules = (
			);
			dependencies = (
				F5AD9DB32933B2FE00E33AD6 /* PBXTargetDependency */,
			);
			name = teamup_iosappTests;
			productName = teamup_iosappTests;
			productReference = F5AD9DB12933B2FE00E33AD6 /* teamup_iosappTests.xctest */;
			productType = "com.apple.product-type.bundle.unit-test";
		};
		F5AD9DBA2933B2FE00E33AD6 /* teamup_iosappUITests */ = {
			isa = PBXNativeTarget;
			buildConfigurationList = F5AD9DCB2933B2FE00E33AD6 /* Build configuration list for PBXNativeTarget "teamup_iosappUITests" */;
			buildPhases = (
				EDEFC71BFACA1BFFB13A2DD5 /* [CP] Check Pods Manifest.lock */,
				F5AD9DB72933B2FE00E33AD6 /* Sources */,
				F5AD9DB82933B2FE00E33AD6 /* Frameworks */,
				F5AD9DB92933B2FE00E33AD6 /* Resources */,
				FEE17A78175ABB9DCD84E9B7 /* [CP] Embed Pods Frameworks */,
			);
			buildRules = (
			);
			dependencies = (
				F5AD9DBD2933B2FE00E33AD6 /* PBXTargetDependency */,
			);
			name = teamup_iosappUITests;
			productName = teamup_iosappUITests;
			productReference = F5AD9DBB2933B2FE00E33AD6 /* teamup_iosappUITests.xctest */;
			productType = "com.apple.product-type.bundle.ui-testing";
		};
/* End PBXNativeTarget section */

/* Begin PBXProject section */
		F5AD9D992933B2FB00E33AD6 /* Project object */ = {
			isa = PBXProject;
			attributes = {
				BuildIndependentTargetsInParallel = 1;
				LastSwiftUpdateCheck = 1410;
				LastUpgradeCheck = 1410;
				TargetAttributes = {
					F5AD9DA02933B2FB00E33AD6 = {
						CreatedOnToolsVersion = 14.1;
					};
					F5AD9DB02933B2FE00E33AD6 = {
						CreatedOnToolsVersion = 14.1;
						TestTargetID = F5AD9DA02933B2FB00E33AD6;
					};
					F5AD9DBA2933B2FE00E33AD6 = {
						CreatedOnToolsVersion = 14.1;
						TestTargetID = F5AD9DA02933B2FB00E33AD6;
					};
				};
			};
			buildConfigurationList = F5AD9D9C2933B2FB00E33AD6 /* Build configuration list for PBXProject "teamup_iosapp" */;
			compatibilityVersion = "Xcode 13.0";
			developmentRegion = en;
			hasScannedForEncodings = 0;
			knownRegions = (
				en,
				Base,
			);
			mainGroup = F5AD9D982933B2FB00E33AD6;
			packageReferences = (
				F5AD9DFC2933B91E00E33AD6 /* XCRemoteSwiftPackageReference "swiftui-cached-async-image" */,
				F5AD9DFF2933B94300E33AD6 /* XCRemoteSwiftPackageReference "Alamofire" */,
				F5AD9E022933B95F00E33AD6 /* XCRemoteSwiftPackageReference "JWTDecode" */,
				F5AD9E052933B97D00E33AD6 /* XCRemoteSwiftPackageReference "SwiftUIFlow" */,
				F5AD9E082933B9D800E33AD6 /* XCRemoteSwiftPackageReference "HandyJSON" */,
				F5B587E329384B31007ECC2E /* XCRemoteSwiftPackageReference "iPages" */,
			);
			productRefGroup = F5AD9DA22933B2FB00E33AD6 /* Products */;
			projectDirPath = "";
			projectRoot = "";
			targets = (
				F5AD9DA02933B2FB00E33AD6 /* teamup_iosapp */,
				F5AD9DB02933B2FE00E33AD6 /* teamup_iosappTests */,
				F5AD9DBA2933B2FE00E33AD6 /* teamup_iosappUITests */,
			);
		};
/* End PBXProject section */

/* Begin PBXResourcesBuildPhase section */
		F5AD9D9F2933B2FB00E33AD6 /* Resources */ = {
			isa = PBXResourcesBuildPhase;
			buildActionMask = 2147483647;
			files = (
				F5AD9DF32933B86500E33AD6 /* academies.json in Resources */,
				F5AD9DAC2933B2FD00E33AD6 /* Preview Assets.xcassets in Resources */,
				F5AD9DA92933B2FD00E33AD6 /* Assets.xcassets in Resources */,
			);
			runOnlyForDeploymentPostprocessing = 0;
		};
		F5AD9DAF2933B2FE00E33AD6 /* Resources */ = {
			isa = PBXResourcesBuildPhase;
			buildActionMask = 2147483647;
			files = (
			);
			runOnlyForDeploymentPostprocessing = 0;
		};
		F5AD9DB92933B2FE00E33AD6 /* Resources */ = {
			isa = PBXResourcesBuildPhase;
			buildActionMask = 2147483647;
			files = (
			);
			runOnlyForDeploymentPostprocessing = 0;
		};
/* End PBXResourcesBuildPhase section */

/* Begin PBXShellScriptBuildPhase section */
		19341F67C5011405A7E69964 /* [CP] Check Pods Manifest.lock */ = {
			isa = PBXShellScriptBuildPhase;
			buildActionMask = 2147483647;
			files = (
			);
			inputFileListPaths = (
			);
			inputPaths = (
				"${PODS_PODFILE_DIR_PATH}/Podfile.lock",
				"${PODS_ROOT}/Manifest.lock",
			);
			name = "[CP] Check Pods Manifest.lock";
			outputFileListPaths = (
			);
			outputPaths = (
				"$(DERIVED_FILE_DIR)/Pods-teamup_iosapp-checkManifestLockResult.txt",
			);
			runOnlyForDeploymentPostprocessing = 0;
			shellPath = /bin/sh;
			shellScript = "diff \"${PODS_PODFILE_DIR_PATH}/Podfile.lock\" \"${PODS_ROOT}/Manifest.lock\" > /dev/null\nif [ $? != 0 ] ; then\n    # print error to STDERR\n    echo \"error: The sandbox is not in sync with the Podfile.lock. Run 'pod install' or update your CocoaPods installation.\" >&2\n    exit 1\nfi\n# This output is used by Xcode 'outputs' to avoid re-running this script phase.\necho \"SUCCESS\" > \"${SCRIPT_OUTPUT_FILE_0}\"\n";
			showEnvVarsInLog = 0;
		};
		4E5FF8304BB0974AAA539F23 /* [CP] Embed Pods Frameworks */ = {
			isa = PBXShellScriptBuildPhase;
			buildActionMask = 2147483647;
			files = (
			);
			inputFileListPaths = (
				"${PODS_ROOT}/Target Support Files/Pods-teamup_iosapp/Pods-teamup_iosapp-frameworks-${CONFIGURATION}-input-files.xcfilelist",
			);
			name = "[CP] Embed Pods Frameworks";
			outputFileListPaths = (
				"${PODS_ROOT}/Target Support Files/Pods-teamup_iosapp/Pods-teamup_iosapp-frameworks-${CONFIGURATION}-output-files.xcfilelist",
			);
			runOnlyForDeploymentPostprocessing = 0;
			shellPath = /bin/sh;
			shellScript = "\"${PODS_ROOT}/Target Support Files/Pods-teamup_iosapp/Pods-teamup_iosapp-frameworks.sh\"\n";
			showEnvVarsInLog = 0;
		};
		AD8E68CA93CBC9389E341DB1 /* [CP] Check Pods Manifest.lock */ = {
			isa = PBXShellScriptBuildPhase;
			buildActionMask = 2147483647;
			files = (
			);
			inputFileListPaths = (
			);
			inputPaths = (
				"${PODS_PODFILE_DIR_PATH}/Podfile.lock",
				"${PODS_ROOT}/Manifest.lock",
			);
			name = "[CP] Check Pods Manifest.lock";
			outputFileListPaths = (
			);
			outputPaths = (
				"$(DERIVED_FILE_DIR)/Pods-teamup_iosappTests-checkManifestLockResult.txt",
			);
			runOnlyForDeploymentPostprocessing = 0;
			shellPath = /bin/sh;
			shellScript = "diff \"${PODS_PODFILE_DIR_PATH}/Podfile.lock\" \"${PODS_ROOT}/Manifest.lock\" > /dev/null\nif [ $? != 0 ] ; then\n    # print error to STDERR\n    echo \"error: The sandbox is not in sync with the Podfile.lock. Run 'pod install' or update your CocoaPods installation.\" >&2\n    exit 1\nfi\n# This output is used by Xcode 'outputs' to avoid re-running this script phase.\necho \"SUCCESS\" > \"${SCRIPT_OUTPUT_FILE_0}\"\n";
			showEnvVarsInLog = 0;
		};
		EDEFC71BFACA1BFFB13A2DD5 /* [CP] Check Pods Manifest.lock */ = {
			isa = PBXShellScriptBuildPhase;
			buildActionMask = 2147483647;
			files = (
			);
			inputFileListPaths = (
			);
			inputPaths = (
				"${PODS_PODFILE_DIR_PATH}/Podfile.lock",
				"${PODS_ROOT}/Manifest.lock",
			);
			name = "[CP] Check Pods Manifest.lock";
			outputFileListPaths = (
			);
			outputPaths = (
				"$(DERIVED_FILE_DIR)/Pods-teamup_iosapp-teamup_iosappUITests-checkManifestLockResult.txt",
			);
			runOnlyForDeploymentPostprocessing = 0;
			shellPath = /bin/sh;
			shellScript = "diff \"${PODS_PODFILE_DIR_PATH}/Podfile.lock\" \"${PODS_ROOT}/Manifest.lock\" > /dev/null\nif [ $? != 0 ] ; then\n    # print error to STDERR\n    echo \"error: The sandbox is not in sync with the Podfile.lock. Run 'pod install' or update your CocoaPods installation.\" >&2\n    exit 1\nfi\n# This output is used by Xcode 'outputs' to avoid re-running this script phase.\necho \"SUCCESS\" > \"${SCRIPT_OUTPUT_FILE_0}\"\n";
			showEnvVarsInLog = 0;
		};
		F5AD9DD02933B66B00E33AD6 /* ShellScript */ = {
			isa = PBXShellScriptBuildPhase;
			buildActionMask = 2147483647;
			files = (
			);
			inputFileListPaths = (
			);
			inputPaths = (
			);
			outputFileListPaths = (
			);
			outputPaths = (
			);
			runOnlyForDeploymentPostprocessing = 0;
			shellPath = /bin/sh;
			shellScript = "export PATH=\"$PATH:/opt/homebrew/bin\"\nif which swiftlint > /dev/null; then\n  swiftlint --fix && swiftlint\nelse\n  echo \"warning: SwiftLint not installed, download from https://github.com/realm/SwiftLint\"\nfi\n";
		};
		FEE17A78175ABB9DCD84E9B7 /* [CP] Embed Pods Frameworks */ = {
			isa = PBXShellScriptBuildPhase;
			buildActionMask = 2147483647;
			files = (
			);
			inputFileListPaths = (
				"${PODS_ROOT}/Target Support Files/Pods-teamup_iosapp-teamup_iosappUITests/Pods-teamup_iosapp-teamup_iosappUITests-frameworks-${CONFIGURATION}-input-files.xcfilelist",
			);
			name = "[CP] Embed Pods Frameworks";
			outputFileListPaths = (
				"${PODS_ROOT}/Target Support Files/Pods-teamup_iosapp-teamup_iosappUITests/Pods-teamup_iosapp-teamup_iosappUITests-frameworks-${CONFIGURATION}-output-files.xcfilelist",
			);
			runOnlyForDeploymentPostprocessing = 0;
			shellPath = /bin/sh;
			shellScript = "\"${PODS_ROOT}/Target Support Files/Pods-teamup_iosapp-teamup_iosappUITests/Pods-teamup_iosapp-teamup_iosappUITests-frameworks.sh\"\n";
			showEnvVarsInLog = 0;
		};
/* End PBXShellScriptBuildPhase section */

/* Begin PBXSourcesBuildPhase section */
		F5AD9D9D2933B2FB00E33AD6 /* Sources */ = {
			isa = PBXSourcesBuildPhase;
			buildActionMask = 2147483647;
			files = (
				F50CF7AE2934C90500264013 /* HomeView.swift in Sources */,
				F5AD9DF52933B86500E33AD6 /* Validator.swift in Sources */,
				F5AD9E172934708700E33AD6 /* TeamTag.swift in Sources */,
				F5AD9E192934708700E33AD6 /* TeamMember.swift in Sources */,
				F5AD9DF02933B86500E33AD6 /* StringExtensions.swift in Sources */,
				F59F5360293B4D43000A1BD5 /* VisualEffectView.swift in Sources */,
				F5AD9E1C2934708700E33AD6 /* Recruitment.swift in Sources */,
				F5AD9E142934708700E33AD6 /* Team.swift in Sources */,
				F5AD9DF22933B86500E33AD6 /* UIColorExtensions.swift in Sources */,
				F5AD9DD82933B7E100E33AD6 /* UserService.swift in Sources */,
				F50CF7B22934C92200264013 /* MeView.swift in Sources */,
				F59F5361293B4D43000A1BD5 /* PagedListViewModel.swift in Sources */,
				F5AD9DEE2933B86500E33AD6 /* Array.swift in Sources */,
				F5AD9DF42933B86500E33AD6 /* JsonLoader.swift in Sources */,
				F5AD9E182934708700E33AD6 /* Role.swift in Sources */,
				F5AD9E162934708700E33AD6 /* Requirement.swift in Sources */,
				F5AD9DDB2933B7E100E33AD6 /* APIRequest.swift in Sources */,
				F5AD9DD72933B7E100E33AD6 /* AuthService.swift in Sources */,
				F5AD9DED2933B86500E33AD6 /* ViewExtensions.swift in Sources */,
				F5B587DD2937B646007ECC2E /* UserServiceError.swift in Sources */,
				F5B587E229384582007ECC2E /* TeamInfoView.swift in Sources */,
				F5AD9DDC2933B7E100E33AD6 /* APIModel.swift in Sources */,
				F5B587E729384EE0007ECC2E /* TabMenu.swift in Sources */,
				F5B587DB2937B60B007ECC2E /* AuthServiceError.swift in Sources */,
				F528B5272935C0EB00FC7C9C /* ProfileView.swift in Sources */,
				F50CF7B42934EF2400264013 /* AppDelegate.swift in Sources */,
				F5AD9E1B2934708700E33AD6 /* Competition.swift in Sources */,
				F5AD9DF62933B86500E33AD6 /* Formatter.swift in Sources */,
				F5AD9DD92933B7E100E33AD6 /* APIRequestDelegate.swift in Sources */,
				F5AD9DEF2933B86500E33AD6 /* EnvironmentValueExtensions.swift in Sources */,
				F5AD9DF92933B8A700E33AD6 /* User.swift in Sources */,
				F5AD9DA52933B2FB00E33AD6 /* TeamupApp.swift in Sources */,
				F5AD9E152934708700E33AD6 /* Message.swift in Sources */,
				F50CF7B02934C91800264013 /* ChatListView.swift in Sources */,
				F528B52A2935CF9C00FC7C9C /* Academy.swift in Sources */,
				F5AD9DDA2933B7E100E33AD6 /* APIRequestError.swift in Sources */,
				F50CF7AC2934C89300264013 /* MainView.swift in Sources */,
				F5AD9DF12933B86500E33AD6 /* DateExtensions.swift in Sources */,
				AD64C7AC87B8777ABB6A7DE0 /* RoleService.swift in Sources */,
				AD64C0EC072AA5E6F1166A85 /* CompetitionService.swift in Sources */,
				AD64C066602EC6888C51C6D5 /* TeamService.swift in Sources */,
			);
			runOnlyForDeploymentPostprocessing = 0;
		};
		F5AD9DAD2933B2FE00E33AD6 /* Sources */ = {
			isa = PBXSourcesBuildPhase;
			buildActionMask = 2147483647;
			files = (
				F5AD9DB62933B2FE00E33AD6 /* teamup_iosappTests.swift in Sources */,
			);
			runOnlyForDeploymentPostprocessing = 0;
		};
		F5AD9DB72933B2FE00E33AD6 /* Sources */ = {
			isa = PBXSourcesBuildPhase;
			buildActionMask = 2147483647;
			files = (
				F5AD9DC22933B2FE00E33AD6 /* teamup_iosappUITestsLaunchTests.swift in Sources */,
				F5AD9DC02933B2FE00E33AD6 /* teamup_iosappUITests.swift in Sources */,
			);
			runOnlyForDeploymentPostprocessing = 0;
		};
/* End PBXSourcesBuildPhase section */

/* Begin PBXTargetDependency section */
		F5AD9DB32933B2FE00E33AD6 /* PBXTargetDependency */ = {
			isa = PBXTargetDependency;
			target = F5AD9DA02933B2FB00E33AD6 /* teamup_iosapp */;
			targetProxy = F5AD9DB22933B2FE00E33AD6 /* PBXContainerItemProxy */;
		};
		F5AD9DBD2933B2FE00E33AD6 /* PBXTargetDependency */ = {
			isa = PBXTargetDependency;
			target = F5AD9DA02933B2FB00E33AD6 /* teamup_iosapp */;
			targetProxy = F5AD9DBC2933B2FE00E33AD6 /* PBXContainerItemProxy */;
		};
/* End PBXTargetDependency section */

/* Begin XCBuildConfiguration section */
		F5AD9DC32933B2FE00E33AD6 /* Debug */ = {
			isa = XCBuildConfiguration;
			buildSettings = {
				ALWAYS_SEARCH_USER_PATHS = NO;
				CLANG_ANALYZER_NONNULL = YES;
				CLANG_ANALYZER_NUMBER_OBJECT_CONVERSION = YES_AGGRESSIVE;
				CLANG_CXX_LANGUAGE_STANDARD = "gnu++20";
				CLANG_ENABLE_MODULES = YES;
				CLANG_ENABLE_OBJC_ARC = YES;
				CLANG_ENABLE_OBJC_WEAK = YES;
				CLANG_WARN_BLOCK_CAPTURE_AUTORELEASING = YES;
				CLANG_WARN_BOOL_CONVERSION = YES;
				CLANG_WARN_COMMA = YES;
				CLANG_WARN_CONSTANT_CONVERSION = YES;
				CLANG_WARN_DEPRECATED_OBJC_IMPLEMENTATIONS = YES;
				CLANG_WARN_DIRECT_OBJC_ISA_USAGE = YES_ERROR;
				CLANG_WARN_DOCUMENTATION_COMMENTS = YES;
				CLANG_WARN_EMPTY_BODY = YES;
				CLANG_WARN_ENUM_CONVERSION = YES;
				CLANG_WARN_INFINITE_RECURSION = YES;
				CLANG_WARN_INT_CONVERSION = YES;
				CLANG_WARN_NON_LITERAL_NULL_CONVERSION = YES;
				CLANG_WARN_OBJC_IMPLICIT_RETAIN_SELF = YES;
				CLANG_WARN_OBJC_LITERAL_CONVERSION = YES;
				CLANG_WARN_OBJC_ROOT_CLASS = YES_ERROR;
				CLANG_WARN_QUOTED_INCLUDE_IN_FRAMEWORK_HEADER = YES;
				CLANG_WARN_RANGE_LOOP_ANALYSIS = YES;
				CLANG_WARN_STRICT_PROTOTYPES = YES;
				CLANG_WARN_SUSPICIOUS_MOVE = YES;
				CLANG_WARN_UNGUARDED_AVAILABILITY = YES_AGGRESSIVE;
				CLANG_WARN_UNREACHABLE_CODE = YES;
				CLANG_WARN__DUPLICATE_METHOD_MATCH = YES;
				COPY_PHASE_STRIP = NO;
				DEBUG_INFORMATION_FORMAT = dwarf;
				ENABLE_STRICT_OBJC_MSGSEND = YES;
				ENABLE_TESTABILITY = YES;
				GCC_C_LANGUAGE_STANDARD = gnu11;
				GCC_DYNAMIC_NO_PIC = NO;
				GCC_NO_COMMON_BLOCKS = YES;
				GCC_OPTIMIZATION_LEVEL = 0;
				GCC_PREPROCESSOR_DEFINITIONS = (
					"DEBUG=1",
					"$(inherited)",
				);
				GCC_WARN_64_TO_32_BIT_CONVERSION = YES;
				GCC_WARN_ABOUT_RETURN_TYPE = YES_ERROR;
				GCC_WARN_UNDECLARED_SELECTOR = YES;
				GCC_WARN_UNINITIALIZED_AUTOS = YES_AGGRESSIVE;
				GCC_WARN_UNUSED_FUNCTION = YES;
				GCC_WARN_UNUSED_VARIABLE = YES;
				IPHONEOS_DEPLOYMENT_TARGET = 16.0;
				MTL_ENABLE_DEBUG_INFO = INCLUDE_SOURCE;
				MTL_FAST_MATH = YES;
				ONLY_ACTIVE_ARCH = YES;
				SDKROOT = iphoneos;
				SWIFT_ACTIVE_COMPILATION_CONDITIONS = DEBUG;
				SWIFT_OPTIMIZATION_LEVEL = "-Onone";
			};
			name = Debug;
		};
		F5AD9DC42933B2FE00E33AD6 /* Release */ = {
			isa = XCBuildConfiguration;
			buildSettings = {
				ALWAYS_SEARCH_USER_PATHS = NO;
				CLANG_ANALYZER_NONNULL = YES;
				CLANG_ANALYZER_NUMBER_OBJECT_CONVERSION = YES_AGGRESSIVE;
				CLANG_CXX_LANGUAGE_STANDARD = "gnu++20";
				CLANG_ENABLE_MODULES = YES;
				CLANG_ENABLE_OBJC_ARC = YES;
				CLANG_ENABLE_OBJC_WEAK = YES;
				CLANG_WARN_BLOCK_CAPTURE_AUTORELEASING = YES;
				CLANG_WARN_BOOL_CONVERSION = YES;
				CLANG_WARN_COMMA = YES;
				CLANG_WARN_CONSTANT_CONVERSION = YES;
				CLANG_WARN_DEPRECATED_OBJC_IMPLEMENTATIONS = YES;
				CLANG_WARN_DIRECT_OBJC_ISA_USAGE = YES_ERROR;
				CLANG_WARN_DOCUMENTATION_COMMENTS = YES;
				CLANG_WARN_EMPTY_BODY = YES;
				CLANG_WARN_ENUM_CONVERSION = YES;
				CLANG_WARN_INFINITE_RECURSION = YES;
				CLANG_WARN_INT_CONVERSION = YES;
				CLANG_WARN_NON_LITERAL_NULL_CONVERSION = YES;
				CLANG_WARN_OBJC_IMPLICIT_RETAIN_SELF = YES;
				CLANG_WARN_OBJC_LITERAL_CONVERSION = YES;
				CLANG_WARN_OBJC_ROOT_CLASS = YES_ERROR;
				CLANG_WARN_QUOTED_INCLUDE_IN_FRAMEWORK_HEADER = YES;
				CLANG_WARN_RANGE_LOOP_ANALYSIS = YES;
				CLANG_WARN_STRICT_PROTOTYPES = YES;
				CLANG_WARN_SUSPICIOUS_MOVE = YES;
				CLANG_WARN_UNGUARDED_AVAILABILITY = YES_AGGRESSIVE;
				CLANG_WARN_UNREACHABLE_CODE = YES;
				CLANG_WARN__DUPLICATE_METHOD_MATCH = YES;
				COPY_PHASE_STRIP = NO;
				DEBUG_INFORMATION_FORMAT = "dwarf-with-dsym";
				ENABLE_NS_ASSERTIONS = NO;
				ENABLE_STRICT_OBJC_MSGSEND = YES;
				GCC_C_LANGUAGE_STANDARD = gnu11;
				GCC_NO_COMMON_BLOCKS = YES;
				GCC_WARN_64_TO_32_BIT_CONVERSION = YES;
				GCC_WARN_ABOUT_RETURN_TYPE = YES_ERROR;
				GCC_WARN_UNDECLARED_SELECTOR = YES;
				GCC_WARN_UNINITIALIZED_AUTOS = YES_AGGRESSIVE;
				GCC_WARN_UNUSED_FUNCTION = YES;
				GCC_WARN_UNUSED_VARIABLE = YES;
				IPHONEOS_DEPLOYMENT_TARGET = 16.0;
				MTL_ENABLE_DEBUG_INFO = NO;
				MTL_FAST_MATH = YES;
				SDKROOT = iphoneos;
				SWIFT_COMPILATION_MODE = wholemodule;
				SWIFT_OPTIMIZATION_LEVEL = "-O";
				VALIDATE_PRODUCT = YES;
			};
			name = Release;
		};
		F5AD9DC62933B2FE00E33AD6 /* Debug */ = {
			isa = XCBuildConfiguration;
			baseConfigurationReference = 3EF86DD038F5EC6684189FDB /* Pods-teamup_iosapp.debug.xcconfig */;
			buildSettings = {
				ASSETCATALOG_COMPILER_APPICON_NAME = AppIcon;
				ASSETCATALOG_COMPILER_GLOBAL_ACCENT_COLOR_NAME = AccentColor;
				CODE_SIGN_STYLE = Automatic;
				CURRENT_PROJECT_VERSION = 1;
				DEVELOPMENT_ASSET_PATHS = "\"teamup_iosapp/Preview Content\"";
				DEVELOPMENT_TEAM = C2A3XCXCZS;
				ENABLE_PREVIEWS = YES;
				GENERATE_INFOPLIST_FILE = YES;
				INFOPLIST_KEY_UIApplicationSceneManifest_Generation = YES;
				INFOPLIST_KEY_UIApplicationSupportsIndirectInputEvents = YES;
				INFOPLIST_KEY_UILaunchScreen_Generation = YES;
				INFOPLIST_KEY_UISupportedInterfaceOrientations = UIInterfaceOrientationPortrait;
				INFOPLIST_KEY_UISupportedInterfaceOrientations_iPad = "UIInterfaceOrientationLandscapeLeft UIInterfaceOrientationLandscapeRight UIInterfaceOrientationPortrait UIInterfaceOrientationPortraitUpsideDown";
				IPHONEOS_DEPLOYMENT_TARGET = 16.0;
				LD_RUNPATH_SEARCH_PATHS = (
					"$(inherited)",
					"@executable_path/Frameworks",
				);
				MARKETING_VERSION = 1.0;
				PRODUCT_BUNDLE_IDENTIFIER = "cn.net.ziqiang.teamup-iosapp";
				PRODUCT_NAME = "$(TARGET_NAME)";
				SUPPORTED_PLATFORMS = "iphoneos iphonesimulator";
				SUPPORTS_MACCATALYST = NO;
				SUPPORTS_MAC_DESIGNED_FOR_IPHONE_IPAD = YES;
				SWIFT_EMIT_LOC_STRINGS = YES;
				SWIFT_VERSION = 5.0;
				TARGETED_DEVICE_FAMILY = 1;
			};
			name = Debug;
		};
		F5AD9DC72933B2FE00E33AD6 /* Release */ = {
			isa = XCBuildConfiguration;
			baseConfigurationReference = D9177679EE17CD6AEB1F23F9 /* Pods-teamup_iosapp.release.xcconfig */;
			buildSettings = {
				ASSETCATALOG_COMPILER_APPICON_NAME = AppIcon;
				ASSETCATALOG_COMPILER_GLOBAL_ACCENT_COLOR_NAME = AccentColor;
				CODE_SIGN_STYLE = Automatic;
				CURRENT_PROJECT_VERSION = 1;
				DEVELOPMENT_ASSET_PATHS = "\"teamup_iosapp/Preview Content\"";
				DEVELOPMENT_TEAM = C2A3XCXCZS;
				ENABLE_PREVIEWS = YES;
				GENERATE_INFOPLIST_FILE = YES;
				INFOPLIST_KEY_UIApplicationSceneManifest_Generation = YES;
				INFOPLIST_KEY_UIApplicationSupportsIndirectInputEvents = YES;
				INFOPLIST_KEY_UILaunchScreen_Generation = YES;
				INFOPLIST_KEY_UISupportedInterfaceOrientations = UIInterfaceOrientationPortrait;
				INFOPLIST_KEY_UISupportedInterfaceOrientations_iPad = "UIInterfaceOrientationLandscapeLeft UIInterfaceOrientationLandscapeRight UIInterfaceOrientationPortrait UIInterfaceOrientationPortraitUpsideDown";
				IPHONEOS_DEPLOYMENT_TARGET = 16.0;
				LD_RUNPATH_SEARCH_PATHS = (
					"$(inherited)",
					"@executable_path/Frameworks",
				);
				MARKETING_VERSION = 1.0;
				PRODUCT_BUNDLE_IDENTIFIER = "cn.net.ziqiang.teamup-iosapp";
				PRODUCT_NAME = "$(TARGET_NAME)";
				SUPPORTED_PLATFORMS = "iphoneos iphonesimulator";
				SUPPORTS_MACCATALYST = NO;
				SUPPORTS_MAC_DESIGNED_FOR_IPHONE_IPAD = YES;
				SWIFT_EMIT_LOC_STRINGS = YES;
				SWIFT_VERSION = 5.0;
				TARGETED_DEVICE_FAMILY = 1;
			};
			name = Release;
		};
		F5AD9DC92933B2FE00E33AD6 /* Debug */ = {
			isa = XCBuildConfiguration;
			baseConfigurationReference = BB72AD19BDBB996641ACED98 /* Pods-teamup_iosappTests.debug.xcconfig */;
			buildSettings = {
				ALWAYS_EMBED_SWIFT_STANDARD_LIBRARIES = YES;
				BUNDLE_LOADER = "$(TEST_HOST)";
				CODE_SIGN_STYLE = Automatic;
				CURRENT_PROJECT_VERSION = 1;
				DEVELOPMENT_TEAM = C2A3XCXCZS;
				GENERATE_INFOPLIST_FILE = YES;
				IPHONEOS_DEPLOYMENT_TARGET = 16.1;
				MARKETING_VERSION = 1.0;
				PRODUCT_BUNDLE_IDENTIFIER = "cn.net.ziqiang.teamup-iosappTests";
				PRODUCT_NAME = "$(TARGET_NAME)";
				SWIFT_EMIT_LOC_STRINGS = NO;
				SWIFT_VERSION = 5.0;
				TARGETED_DEVICE_FAMILY = "1,2";
				TEST_HOST = "$(BUILT_PRODUCTS_DIR)/teamup_iosapp.app/$(BUNDLE_EXECUTABLE_FOLDER_PATH)/teamup_iosapp";
			};
			name = Debug;
		};
		F5AD9DCA2933B2FE00E33AD6 /* Release */ = {
			isa = XCBuildConfiguration;
			baseConfigurationReference = 172F1189043190020364B131 /* Pods-teamup_iosappTests.release.xcconfig */;
			buildSettings = {
				ALWAYS_EMBED_SWIFT_STANDARD_LIBRARIES = YES;
				BUNDLE_LOADER = "$(TEST_HOST)";
				CODE_SIGN_STYLE = Automatic;
				CURRENT_PROJECT_VERSION = 1;
				DEVELOPMENT_TEAM = C2A3XCXCZS;
				GENERATE_INFOPLIST_FILE = YES;
				IPHONEOS_DEPLOYMENT_TARGET = 16.1;
				MARKETING_VERSION = 1.0;
				PRODUCT_BUNDLE_IDENTIFIER = "cn.net.ziqiang.teamup-iosappTests";
				PRODUCT_NAME = "$(TARGET_NAME)";
				SWIFT_EMIT_LOC_STRINGS = NO;
				SWIFT_VERSION = 5.0;
				TARGETED_DEVICE_FAMILY = "1,2";
				TEST_HOST = "$(BUILT_PRODUCTS_DIR)/teamup_iosapp.app/$(BUNDLE_EXECUTABLE_FOLDER_PATH)/teamup_iosapp";
			};
			name = Release;
		};
		F5AD9DCC2933B2FE00E33AD6 /* Debug */ = {
			isa = XCBuildConfiguration;
			baseConfigurationReference = 3141F1C825F0A083C0A6051D /* Pods-teamup_iosapp-teamup_iosappUITests.debug.xcconfig */;
			buildSettings = {
				ALWAYS_EMBED_SWIFT_STANDARD_LIBRARIES = YES;
				CODE_SIGN_STYLE = Automatic;
				CURRENT_PROJECT_VERSION = 1;
				DEVELOPMENT_TEAM = C2A3XCXCZS;
				GENERATE_INFOPLIST_FILE = YES;
				MARKETING_VERSION = 1.0;
				PRODUCT_BUNDLE_IDENTIFIER = "cn.net.ziqiang.teamup-iosappUITests";
				PRODUCT_NAME = "$(TARGET_NAME)";
				SWIFT_EMIT_LOC_STRINGS = NO;
				SWIFT_VERSION = 5.0;
				TARGETED_DEVICE_FAMILY = "1,2";
				TEST_TARGET_NAME = teamup_iosapp;
			};
			name = Debug;
		};
		F5AD9DCD2933B2FE00E33AD6 /* Release */ = {
			isa = XCBuildConfiguration;
			baseConfigurationReference = E3D25F120D03B55544E6BDE6 /* Pods-teamup_iosapp-teamup_iosappUITests.release.xcconfig */;
			buildSettings = {
				ALWAYS_EMBED_SWIFT_STANDARD_LIBRARIES = YES;
				CODE_SIGN_STYLE = Automatic;
				CURRENT_PROJECT_VERSION = 1;
				DEVELOPMENT_TEAM = C2A3XCXCZS;
				GENERATE_INFOPLIST_FILE = YES;
				MARKETING_VERSION = 1.0;
				PRODUCT_BUNDLE_IDENTIFIER = "cn.net.ziqiang.teamup-iosappUITests";
				PRODUCT_NAME = "$(TARGET_NAME)";
				SWIFT_EMIT_LOC_STRINGS = NO;
				SWIFT_VERSION = 5.0;
				TARGETED_DEVICE_FAMILY = "1,2";
				TEST_TARGET_NAME = teamup_iosapp;
			};
			name = Release;
		};
/* End XCBuildConfiguration section */

/* Begin XCConfigurationList section */
		F5AD9D9C2933B2FB00E33AD6 /* Build configuration list for PBXProject "teamup_iosapp" */ = {
			isa = XCConfigurationList;
			buildConfigurations = (
				F5AD9DC32933B2FE00E33AD6 /* Debug */,
				F5AD9DC42933B2FE00E33AD6 /* Release */,
			);
			defaultConfigurationIsVisible = 0;
			defaultConfigurationName = Release;
		};
		F5AD9DC52933B2FE00E33AD6 /* Build configuration list for PBXNativeTarget "teamup_iosapp" */ = {
			isa = XCConfigurationList;
			buildConfigurations = (
				F5AD9DC62933B2FE00E33AD6 /* Debug */,
				F5AD9DC72933B2FE00E33AD6 /* Release */,
			);
			defaultConfigurationIsVisible = 0;
			defaultConfigurationName = Release;
		};
		F5AD9DC82933B2FE00E33AD6 /* Build configuration list for PBXNativeTarget "teamup_iosappTests" */ = {
			isa = XCConfigurationList;
			buildConfigurations = (
				F5AD9DC92933B2FE00E33AD6 /* Debug */,
				F5AD9DCA2933B2FE00E33AD6 /* Release */,
			);
			defaultConfigurationIsVisible = 0;
			defaultConfigurationName = Release;
		};
		F5AD9DCB2933B2FE00E33AD6 /* Build configuration list for PBXNativeTarget "teamup_iosappUITests" */ = {
			isa = XCConfigurationList;
			buildConfigurations = (
				F5AD9DCC2933B2FE00E33AD6 /* Debug */,
				F5AD9DCD2933B2FE00E33AD6 /* Release */,
			);
			defaultConfigurationIsVisible = 0;
			defaultConfigurationName = Release;
		};
/* End XCConfigurationList section */

/* Begin XCRemoteSwiftPackageReference section */
		F5AD9DFC2933B91E00E33AD6 /* XCRemoteSwiftPackageReference "swiftui-cached-async-image" */ = {
			isa = XCRemoteSwiftPackageReference;
			repositoryURL = "https://github.com/lorenzofiamingo/swiftui-cached-async-image";
			requirement = {
				kind = upToNextMajorVersion;
				minimumVersion = 2.0.0;
			};
		};
		F5AD9DFF2933B94300E33AD6 /* XCRemoteSwiftPackageReference "Alamofire" */ = {
			isa = XCRemoteSwiftPackageReference;
			repositoryURL = "https://github.com/Alamofire/Alamofire";
			requirement = {
				kind = upToNextMajorVersion;
				minimumVersion = 5.0.0;
			};
		};
		F5AD9E022933B95F00E33AD6 /* XCRemoteSwiftPackageReference "JWTDecode" */ = {
			isa = XCRemoteSwiftPackageReference;
			repositoryURL = "https://github.com/auth0/JWTDecode.swift";
			requirement = {
				kind = upToNextMajorVersion;
				minimumVersion = 3.0.0;
			};
		};
		F5AD9E052933B97D00E33AD6 /* XCRemoteSwiftPackageReference "SwiftUIFlow" */ = {
			isa = XCRemoteSwiftPackageReference;
			repositoryURL = "https://github.com/ciaranrobrien/SwiftUIFlow.git";
			requirement = {
				branch = main;
				kind = branch;
			};
		};
		F5AD9E082933B9D800E33AD6 /* XCRemoteSwiftPackageReference "HandyJSON" */ = {
			isa = XCRemoteSwiftPackageReference;
			repositoryURL = "https://github.com/alibaba/HandyJSON.git";
			requirement = {
				kind = upToNextMajorVersion;
				minimumVersion = 5.0.0;
			};
		};
		F5B587E329384B31007ECC2E /* XCRemoteSwiftPackageReference "iPages" */ = {
			isa = XCRemoteSwiftPackageReference;
			repositoryURL = "https://github.com/benjaminsage/iPages.git";
			requirement = {
				kind = upToNextMajorVersion;
				minimumVersion = 0.0.9;
			};
		};
/* End XCRemoteSwiftPackageReference section */

/* Begin XCSwiftPackageProductDependency section */
		F5AD9DFD2933B91E00E33AD6 /* CachedAsyncImage */ = {
			isa = XCSwiftPackageProductDependency;
			package = F5AD9DFC2933B91E00E33AD6 /* XCRemoteSwiftPackageReference "swiftui-cached-async-image" */;
			productName = CachedAsyncImage;
		};
		F5AD9E002933B94300E33AD6 /* Alamofire */ = {
			isa = XCSwiftPackageProductDependency;
			package = F5AD9DFF2933B94300E33AD6 /* XCRemoteSwiftPackageReference "Alamofire" */;
			productName = Alamofire;
		};
		F5AD9E032933B95F00E33AD6 /* JWTDecode */ = {
			isa = XCSwiftPackageProductDependency;
			package = F5AD9E022933B95F00E33AD6 /* XCRemoteSwiftPackageReference "JWTDecode" */;
			productName = JWTDecode;
		};
		F5AD9E062933B97D00E33AD6 /* SwiftUIFlow */ = {
			isa = XCSwiftPackageProductDependency;
			package = F5AD9E052933B97D00E33AD6 /* XCRemoteSwiftPackageReference "SwiftUIFlow" */;
			productName = SwiftUIFlow;
		};
		F5AD9E092933B9D800E33AD6 /* HandyJSON */ = {
			isa = XCSwiftPackageProductDependency;
			package = F5AD9E082933B9D800E33AD6 /* XCRemoteSwiftPackageReference "HandyJSON" */;
			productName = HandyJSON;
		};
		F5B587E429384B31007ECC2E /* iPages */ = {
			isa = XCSwiftPackageProductDependency;
			package = F5B587E329384B31007ECC2E /* XCRemoteSwiftPackageReference "iPages" */;
			productName = iPages;
		};
/* End XCSwiftPackageProductDependency section */
	};
	rootObject = F5AD9D992933B2FB00E33AD6 /* Project object */;
}
